
Microsoft Visual Studio Solution File, Format Version 10.00
# Visual Studio 2008
Project("{FAE04EC0-301F-11D3-BF4B-00C04F79EFBC}") = "MSMQ_WCF_Service", "MSMQ_WCF_Service\MSMQ_WCF_Service.csproj", "{A186B591-956F-4EB3-924C-24E0427E04F6}"
EndProject
Project("{FAE04EC0-301F-11D3-BF4B-00C04F79EFBC}") = "MSMQ_WCF_Service_Host", "MSMQ_WCF_Service_Host\MSMQ_WCF_Service_Host.csproj", "{1870F9AA-1C08-4A8B-8455-D76BA1FD2649}"
EndProject
Global
	GlobalSection(SolutionConfigurationPlatforms) = preSolution
		Debug|Any CPU = Debug|Any CPU
		Release|Any CPU = Release|Any CPU
	EndGlobalSection
	GlobalSection(ProjectConfigurationPlatforms) = postSolution
		{A186B591-956F-4EB3-924C-24E0427E04F6}.Debug|Any CPU.ActiveCfg = Debug|Any CPU
		{A186B591-956F-4EB3-924C-24E0427E04F6}.Debug|Any CPU.Build.0 = Debug|Any CPU
		{A186B591-956F-4EB3-924C-24E0427E04F6}.Release|Any CPU.ActiveCfg = Release|Any CPU
		{A186B591-956F-4EB3-924C-24E0427E04F6}.Release|Any CPU.Build.0 = Release|Any CPU
		{1870F9AA-1C08-4A8B-8455-D76BA1FD2649}.Debug|Any CPU.ActiveCfg = Debug|Any CPU
		{1870F9AA-1C08-4A8B-8455-D76BA1FD2649}.Debug|Any CPU.Build.0 = Debug|Any CPU
		{1870F9AA-1C08-4A8B-8455-D76BA1FD2649}.Release|Any CPU.ActiveCfg = Release|Any CPU
		{1870F9AA-1C08-4A8B-8455-D76BA1FD2649}.Release|Any CPU.Build.0 = Release|Any CPU
	EndGlobalSection
	GlobalSection(SolutionProperties) = preSolution
		HideSolutionNode = FALSE
	EndGlobalSection
EndGlobal
