
Microsoft Visual Studio Solution File, Format Version 10.00
# Visual Studio 2008
Project("{FAE04EC0-301F-11D3-BF4B-00C04F79EFBC}") = "XmlSimetrico", "XmlSimetrico\XmlSimetrico.csproj", "{0DBB379F-2C5C-48F3-8FBE-B668839C9771}"
EndProject
Global
	GlobalSection(SolutionConfigurationPlatforms) = preSolution
		Debug|Any CPU = Debug|Any CPU
		Release|Any CPU = Release|Any CPU
	EndGlobalSection
	GlobalSection(ProjectConfigurationPlatforms) = postSolution
		{0DBB379F-2C5C-48F3-8FBE-B668839C9771}.Debug|Any CPU.ActiveCfg = Debug|Any CPU
		{0DBB379F-2C5C-48F3-8FBE-B668839C9771}.Debug|Any CPU.Build.0 = Debug|Any CPU
		{0DBB379F-2C5C-48F3-8FBE-B668839C9771}.Release|Any CPU.ActiveCfg = Release|Any CPU
		{0DBB379F-2C5C-48F3-8FBE-B668839C9771}.Release|Any CPU.Build.0 = Release|Any CPU
	EndGlobalSection
	GlobalSection(SolutionProperties) = preSolution
		HideSolutionNode = FALSE
	EndGlobalSection
EndGlobal
