
Microsoft Visual Studio Solution File, Format Version 12.00
# Visual Studio 2012
Project("{FAE04EC0-301F-11D3-BF4B-00C04F79EFBC}") = "CustomSecurity", "CustomSecurity\CustomSecurity.csproj", "{017DDE25-F1C1-4FD4-A0F0-01E55DF898E7}"
EndProject
Project("{FAE04EC0-301F-11D3-BF4B-00C04F79EFBC}") = "CustomSecurity.Common", "CustomSecurity.Common\CustomSecurity.Common.csproj", "{332889AB-9A18-4DB6-8B00-DCDEA562CD26}"
EndProject
Global
	GlobalSection(SolutionConfigurationPlatforms) = preSolution
		Debug|Any CPU = Debug|Any CPU
		Release|Any CPU = Release|Any CPU
	EndGlobalSection
	GlobalSection(ProjectConfigurationPlatforms) = postSolution
		{017DDE25-F1C1-4FD4-A0F0-01E55DF898E7}.Debug|Any CPU.ActiveCfg = Debug|Any CPU
		{017DDE25-F1C1-4FD4-A0F0-01E55DF898E7}.Debug|Any CPU.Build.0 = Debug|Any CPU
		{017DDE25-F1C1-4FD4-A0F0-01E55DF898E7}.Release|Any CPU.ActiveCfg = Release|Any CPU
		{017DDE25-F1C1-4FD4-A0F0-01E55DF898E7}.Release|Any CPU.Build.0 = Release|Any CPU
		{332889AB-9A18-4DB6-8B00-DCDEA562CD26}.Debug|Any CPU.ActiveCfg = Debug|Any CPU
		{332889AB-9A18-4DB6-8B00-DCDEA562CD26}.Debug|Any CPU.Build.0 = Debug|Any CPU
		{332889AB-9A18-4DB6-8B00-DCDEA562CD26}.Release|Any CPU.ActiveCfg = Release|Any CPU
		{332889AB-9A18-4DB6-8B00-DCDEA562CD26}.Release|Any CPU.Build.0 = Release|Any CPU
	EndGlobalSection
	GlobalSection(SolutionProperties) = preSolution
		HideSolutionNode = FALSE
	EndGlobalSection
EndGlobal
