
Microsoft Visual Studio Solution File, Format Version 10.00
# Visual Studio 2008
Project("{FAE04EC0-301F-11D3-BF4B-00C04F79EFBC}") = "EventXP_Detecter", "EventXP_Detecter.csproj", "{45027902-83C0-47BD-A7C4-522F35D62070}"
EndProject
Project("{FAE04EC0-301F-11D3-BF4B-00C04F79EFBC}") = "SysEventDetecterService", "..\SysEventDetecterService\SysEventDetecterService.csproj", "{840F9D2B-1CCA-4596-B3EC-651B9B260DBB}"
EndProject
Global
	GlobalSection(SolutionConfigurationPlatforms) = preSolution
		Debug|Any CPU = Debug|Any CPU
		Release|Any CPU = Release|Any CPU
	EndGlobalSection
	GlobalSection(ProjectConfigurationPlatforms) = postSolution
		{45027902-83C0-47BD-A7C4-522F35D62070}.Debug|Any CPU.ActiveCfg = Debug|Any CPU
		{45027902-83C0-47BD-A7C4-522F35D62070}.Debug|Any CPU.Build.0 = Debug|Any CPU
		{45027902-83C0-47BD-A7C4-522F35D62070}.Release|Any CPU.ActiveCfg = Release|Any CPU
		{45027902-83C0-47BD-A7C4-522F35D62070}.Release|Any CPU.Build.0 = Release|Any CPU
		{840F9D2B-1CCA-4596-B3EC-651B9B260DBB}.Debug|Any CPU.ActiveCfg = Debug|Any CPU
		{840F9D2B-1CCA-4596-B3EC-651B9B260DBB}.Debug|Any CPU.Build.0 = Debug|Any CPU
		{840F9D2B-1CCA-4596-B3EC-651B9B260DBB}.Release|Any CPU.ActiveCfg = Release|Any CPU
		{840F9D2B-1CCA-4596-B3EC-651B9B260DBB}.Release|Any CPU.Build.0 = Release|Any CPU
	EndGlobalSection
	GlobalSection(SolutionProperties) = preSolution
		HideSolutionNode = FALSE
	EndGlobalSection
EndGlobal
