
Microsoft Visual Studio Solution File, Format Version 10.00
# Visual Studio 2008
Project("{FAE04EC0-301F-11D3-BF4B-00C04F79EFBC}") = "Register", "Register\Register.csproj", "{D6FE20E6-14B7-47ED-A60A-4E8DB86EDF2E}"
EndProject
Project("{FAE04EC0-301F-11D3-BF4B-00C04F79EFBC}") = "Resolve", "Resolve\Resolve.csproj", "{15433284-043C-4706-8799-055453B35745}"
EndProject
Global
	GlobalSection(SolutionConfigurationPlatforms) = preSolution
		Debug|Any CPU = Debug|Any CPU
		Release|Any CPU = Release|Any CPU
	EndGlobalSection
	GlobalSection(ProjectConfigurationPlatforms) = postSolution
		{D6FE20E6-14B7-47ED-A60A-4E8DB86EDF2E}.Debug|Any CPU.ActiveCfg = Debug|Any CPU
		{D6FE20E6-14B7-47ED-A60A-4E8DB86EDF2E}.Debug|Any CPU.Build.0 = Debug|Any CPU
		{D6FE20E6-14B7-47ED-A60A-4E8DB86EDF2E}.Release|Any CPU.ActiveCfg = Release|Any CPU
		{D6FE20E6-14B7-47ED-A60A-4E8DB86EDF2E}.Release|Any CPU.Build.0 = Release|Any CPU
		{15433284-043C-4706-8799-055453B35745}.Debug|Any CPU.ActiveCfg = Debug|Any CPU
		{15433284-043C-4706-8799-055453B35745}.Debug|Any CPU.Build.0 = Debug|Any CPU
		{15433284-043C-4706-8799-055453B35745}.Release|Any CPU.ActiveCfg = Release|Any CPU
		{15433284-043C-4706-8799-055453B35745}.Release|Any CPU.Build.0 = Release|Any CPU
	EndGlobalSection
	GlobalSection(SolutionProperties) = preSolution
		HideSolutionNode = FALSE
	EndGlobalSection
EndGlobal
