
Microsoft Visual Studio Solution File, Format Version 10.00
# Visual Studio 2008
Project("{FAE04EC0-301F-11D3-BF4B-00C04F79EFBC}") = "Dsl", "Dsl\Dsl.csproj", "{04CF423B-B922-4F60-8BEA-6DD3CF01F30E}"
EndProject
Project("{FAE04EC0-301F-11D3-BF4B-00C04F79EFBC}") = "DslPackage", "DslPackage\DslPackage.csproj", "{EE3998B2-98E4-43EC-BCB0-976B13A5925E}"
EndProject
Global
	GlobalSection(SolutionConfigurationPlatforms) = preSolution
		Debug|Any CPU = Debug|Any CPU
		Release|Any CPU = Release|Any CPU
	EndGlobalSection
	GlobalSection(ProjectConfigurationPlatforms) = postSolution
		{04CF423B-B922-4F60-8BEA-6DD3CF01F30E}.Debug|Any CPU.ActiveCfg = Debug|Any CPU
		{04CF423B-B922-4F60-8BEA-6DD3CF01F30E}.Debug|Any CPU.Build.0 = Debug|Any CPU
		{04CF423B-B922-4F60-8BEA-6DD3CF01F30E}.Release|Any CPU.ActiveCfg = Release|Any CPU
		{04CF423B-B922-4F60-8BEA-6DD3CF01F30E}.Release|Any CPU.Build.0 = Release|Any CPU
		{EE3998B2-98E4-43EC-BCB0-976B13A5925E}.Debug|Any CPU.ActiveCfg = Debug|Any CPU
		{EE3998B2-98E4-43EC-BCB0-976B13A5925E}.Debug|Any CPU.Build.0 = Debug|Any CPU
		{EE3998B2-98E4-43EC-BCB0-976B13A5925E}.Release|Any CPU.ActiveCfg = Release|Any CPU
		{EE3998B2-98E4-43EC-BCB0-976B13A5925E}.Release|Any CPU.Build.0 = Release|Any CPU
	EndGlobalSection
	GlobalSection(SolutionProperties) = preSolution
		HideSolutionNode = FALSE
	EndGlobalSection
EndGlobal
