
Microsoft Visual Studio Solution File, Format Version 12.00
# Visual Studio 2012
Project("{FAE04EC0-301F-11D3-BF4B-00C04F79EFBC}") = "WcfDispatcher_Console", "Health.WcfDispatcher\WcfDispatcher_console\WcfDispatcher_Console.csproj", "{6E86955E-7756-4DF1-AE79-DC6D1B5AA5C1}"
EndProject
Project("{E24C65DC-7377-472B-9ABA-BC803B73C61A}") = "WcfDispatcher_IIS", "http://localhost:17023", "{5E68FE66-DF59-40BC-A63F-ED55588F95B0}"
	ProjectSection(WebsiteProperties) = preProject
		UseIISExpress = "true"
		TargetFrameworkMoniker = ".NETFramework,Version%3Dv4.5"
		Debug.AspNetCompiler.VirtualPath = "/localhost_17023"
		Debug.AspNetCompiler.PhysicalPath = "Health.WcfDispatcher\WcfDispatcher_IIS\"
		Debug.AspNetCompiler.TargetPath = "PrecompiledWeb\localhost_17023\"
		Debug.AspNetCompiler.Updateable = "true"
		Debug.AspNetCompiler.ForceOverwrite = "true"
		Debug.AspNetCompiler.FixedNames = "false"
		Debug.AspNetCompiler.Debug = "True"
		Release.AspNetCompiler.VirtualPath = "/localhost_17023"
		Release.AspNetCompiler.PhysicalPath = "Health.WcfDispatcher\WcfDispatcher_IIS\"
		Release.AspNetCompiler.TargetPath = "PrecompiledWeb\localhost_17023\"
		Release.AspNetCompiler.Updateable = "true"
		Release.AspNetCompiler.ForceOverwrite = "true"
		Release.AspNetCompiler.FixedNames = "false"
		Release.AspNetCompiler.Debug = "False"
		SlnRelativePath = "Health.WcfDispatcher\WcfDispatcher_IIS\"
		DefaultWebSiteLanguage = "Visual C#"
	EndProjectSection
EndProject
Global
	GlobalSection(SubversionScc) = preSolution
		Svn-Managed = True
		Manager = AnkhSVN - Subversion Support for Visual Studio
	EndGlobalSection
	GlobalSection(SolutionConfigurationPlatforms) = preSolution
		Debug|Any CPU = Debug|Any CPU
		Release|Any CPU = Release|Any CPU
	EndGlobalSection
	GlobalSection(ProjectConfigurationPlatforms) = postSolution
		{6E86955E-7756-4DF1-AE79-DC6D1B5AA5C1}.Debug|Any CPU.ActiveCfg = Debug|Any CPU
		{6E86955E-7756-4DF1-AE79-DC6D1B5AA5C1}.Debug|Any CPU.Build.0 = Debug|Any CPU
		{6E86955E-7756-4DF1-AE79-DC6D1B5AA5C1}.Release|Any CPU.ActiveCfg = Release|Any CPU
		{6E86955E-7756-4DF1-AE79-DC6D1B5AA5C1}.Release|Any CPU.Build.0 = Release|Any CPU
		{5E68FE66-DF59-40BC-A63F-ED55588F95B0}.Debug|Any CPU.ActiveCfg = Debug|Any CPU
		{5E68FE66-DF59-40BC-A63F-ED55588F95B0}.Debug|Any CPU.Build.0 = Debug|Any CPU
		{5E68FE66-DF59-40BC-A63F-ED55588F95B0}.Release|Any CPU.ActiveCfg = Debug|Any CPU
		{5E68FE66-DF59-40BC-A63F-ED55588F95B0}.Release|Any CPU.Build.0 = Debug|Any CPU
	EndGlobalSection
	GlobalSection(SolutionProperties) = preSolution
		HideSolutionNode = FALSE
	EndGlobalSection
EndGlobal
