Microsoft Visual Studio Solution File, Format Version 7.00
Project("{FAE04EC0-301F-11D3-BF4B-00C04F79EFBC}") = "EjemplosCreatePDF", "EjemplosCreatePDF.csproj", "{E56D7058-E596-47A0-B987-B255BE484C88}"
EndProject
Global
	GlobalSection(SolutionConfiguration) = preSolution
		ConfigName.0 = Debug
		ConfigName.1 = Release
	EndGlobalSection
	GlobalSection(ProjectDependencies) = postSolution
	EndGlobalSection
	GlobalSection(ProjectConfiguration) = postSolution
		{E56D7058-E596-47A0-B987-B255BE484C88}.Debug.ActiveCfg = Debug|.NET
		{E56D7058-E596-47A0-B987-B255BE484C88}.Debug.Build.0 = Debug|.NET
		{E56D7058-E596-47A0-B987-B255BE484C88}.Release.ActiveCfg = Release|.NET
		{E56D7058-E596-47A0-B987-B255BE484C88}.Release.Build.0 = Release|.NET
	EndGlobalSection
	GlobalSection(ExtensibilityGlobals) = postSolution
	EndGlobalSection
	GlobalSection(ExtensibilityAddIns) = postSolution
	EndGlobalSection
EndGlobal
