
Microsoft Visual Studio Solution File, Format Version 10.00
# Visual Studio 2008
Project("{FAE04EC0-301F-11D3-BF4B-00C04F79EFBC}") = "Poisoned.svc", "Poisoned.svc\Poisoned.svc.csproj", "{EC2951DE-FF91-4D57-9D7B-EECE68B119C7}"
EndProject
Project("{FAE04EC0-301F-11D3-BF4B-00C04F79EFBC}") = "Poisoned.WcfService", "Poisoned.WcfService\Poisoned.WcfService.csproj", "{AAA80821-4015-4C0A-A796-D6F2B082B0A5}"
EndProject
Global
	GlobalSection(SolutionConfigurationPlatforms) = preSolution
		Debug|Any CPU = Debug|Any CPU
		Release|Any CPU = Release|Any CPU
	EndGlobalSection
	GlobalSection(ProjectConfigurationPlatforms) = postSolution
		{EC2951DE-FF91-4D57-9D7B-EECE68B119C7}.Debug|Any CPU.ActiveCfg = Debug|Any CPU
		{EC2951DE-FF91-4D57-9D7B-EECE68B119C7}.Debug|Any CPU.Build.0 = Debug|Any CPU
		{EC2951DE-FF91-4D57-9D7B-EECE68B119C7}.Release|Any CPU.ActiveCfg = Release|Any CPU
		{EC2951DE-FF91-4D57-9D7B-EECE68B119C7}.Release|Any CPU.Build.0 = Release|Any CPU
		{AAA80821-4015-4C0A-A796-D6F2B082B0A5}.Debug|Any CPU.ActiveCfg = Debug|Any CPU
		{AAA80821-4015-4C0A-A796-D6F2B082B0A5}.Debug|Any CPU.Build.0 = Debug|Any CPU
		{AAA80821-4015-4C0A-A796-D6F2B082B0A5}.Release|Any CPU.ActiveCfg = Release|Any CPU
		{AAA80821-4015-4C0A-A796-D6F2B082B0A5}.Release|Any CPU.Build.0 = Release|Any CPU
	EndGlobalSection
	GlobalSection(SolutionProperties) = preSolution
		HideSolutionNode = FALSE
	EndGlobalSection
EndGlobal
