
Microsoft Visual Studio Solution File, Format Version 10.00
# Visual Studio 2008
Project("{FAE04EC0-301F-11D3-BF4B-00C04F79EFBC}") = "MultipleInstanceInstaller", "MultipleInstanceInstaller\MultipleInstanceInstaller.csproj", "{7FA096B0-6B68-400C-82BB-BF2863EE231A}"
EndProject
Global
	GlobalSection(SolutionConfigurationPlatforms) = preSolution
		Debug|Any CPU = Debug|Any CPU
		Mono-Debug|Any CPU = Mono-Debug|Any CPU
		Mono-Release|Any CPU = Mono-Release|Any CPU
		Release|Any CPU = Release|Any CPU
	EndGlobalSection
	GlobalSection(ProjectConfigurationPlatforms) = postSolution
		{7FA096B0-6B68-400C-82BB-BF2863EE231A}.Debug|Any CPU.ActiveCfg = Debug|Any CPU
		{7FA096B0-6B68-400C-82BB-BF2863EE231A}.Debug|Any CPU.Build.0 = Debug|Any CPU
		{7FA096B0-6B68-400C-82BB-BF2863EE231A}.Mono-Debug|Any CPU.ActiveCfg = Debug|Any CPU
		{7FA096B0-6B68-400C-82BB-BF2863EE231A}.Mono-Debug|Any CPU.Build.0 = Debug|Any CPU
		{7FA096B0-6B68-400C-82BB-BF2863EE231A}.Mono-Release|Any CPU.ActiveCfg = Release|Any CPU
		{7FA096B0-6B68-400C-82BB-BF2863EE231A}.Mono-Release|Any CPU.Build.0 = Release|Any CPU
		{7FA096B0-6B68-400C-82BB-BF2863EE231A}.Release|Any CPU.ActiveCfg = Release|Any CPU
		{7FA096B0-6B68-400C-82BB-BF2863EE231A}.Release|Any CPU.Build.0 = Release|Any CPU
	EndGlobalSection
	GlobalSection(SolutionProperties) = preSolution
		HideSolutionNode = FALSE
	EndGlobalSection
EndGlobal
