
Microsoft Visual Studio Solution File, Format Version 10.00
# Visual Studio 2008
Project("{FAE04EC0-301F-11D3-BF4B-00C04F79EFBC}") = "BuzzwordBingo", "BuzzwordBingo\BuzzwordBingo.csproj", "{74C74C04-6F78-4131-9393-0D1C7C1DD475}"
EndProject
Project("{2150E333-8FDC-42A3-9474-1A3956D46DE8}") = "Solution Items", "Solution Items", "{6F8031A8-14F5-4D3E-A92E-10826312A5D4}"
	ProjectSection(SolutionItems) = preProject
		BuzzwordBingo.vsmdi = BuzzwordBingo.vsmdi
		BuzzwordBingo1.vsmdi = BuzzwordBingo1.vsmdi
		LocalTestRun.testrunconfig = LocalTestRun.testrunconfig
	EndProjectSection
EndProject
Project("{FAE04EC0-301F-11D3-BF4B-00C04F79EFBC}") = "SlickthoughtMVPLibrary", "..\..\SlickthoughtMVPLibrary\SlickthoughtMVPLibrary\SlickthoughtMVPLibrary.csproj", "{3A881329-D528-4BD1-BD38-5F1912EDB4A9}"
EndProject
Global
	GlobalSection(SolutionConfigurationPlatforms) = preSolution
		Debug|Any CPU = Debug|Any CPU
		Release|Any CPU = Release|Any CPU
	EndGlobalSection
	GlobalSection(ProjectConfigurationPlatforms) = postSolution
		{74C74C04-6F78-4131-9393-0D1C7C1DD475}.Debug|Any CPU.ActiveCfg = Debug|Any CPU
		{74C74C04-6F78-4131-9393-0D1C7C1DD475}.Debug|Any CPU.Build.0 = Debug|Any CPU
		{74C74C04-6F78-4131-9393-0D1C7C1DD475}.Release|Any CPU.ActiveCfg = Release|Any CPU
		{74C74C04-6F78-4131-9393-0D1C7C1DD475}.Release|Any CPU.Build.0 = Release|Any CPU
		{3A881329-D528-4BD1-BD38-5F1912EDB4A9}.Debug|Any CPU.ActiveCfg = Debug|Any CPU
		{3A881329-D528-4BD1-BD38-5F1912EDB4A9}.Debug|Any CPU.Build.0 = Debug|Any CPU
		{3A881329-D528-4BD1-BD38-5F1912EDB4A9}.Release|Any CPU.ActiveCfg = Release|Any CPU
		{3A881329-D528-4BD1-BD38-5F1912EDB4A9}.Release|Any CPU.Build.0 = Release|Any CPU
	EndGlobalSection
	GlobalSection(SolutionProperties) = preSolution
		HideSolutionNode = FALSE
	EndGlobalSection
EndGlobal
