Microsoft Visual Studio Solution File, Format Version 12.00
# Visual Studio 2012
Project("{FAE04EC0-301F-11D3-BF4B-00C04F79EFBC}") = "Health.DAC", "Health.DAC\Health.DAC.csproj", "{842A24D2-7052-4D70-BCBB-728FE29E0385}"
EndProject
Project("{2150E333-8FDC-42A3-9474-1A3956D46DE8}") = "Support", "Support", "{600790FE-EFA9-45E6-8F7E-2CCE60C52FF3}"
EndProject
Project("{FAE04EC0-301F-11D3-BF4B-00C04F79EFBC}") = "Health.Front", "Health.Front\Health.Front.csproj", "{C055BC65-6249-44CF-B43D-ED7B613A6E0C}"
EndProject
Project("{FAE04EC0-301F-11D3-BF4B-00C04F79EFBC}") = "Health.SVC", "Health.SVC\Health.SVC.csproj", "{CDFB2B90-2A11-4D6A-B8A8-EFC5FB2FBDD7}"
EndProject
Project("{FAE04EC0-301F-11D3-BF4B-00C04F79EFBC}") = "Health.Front.Base", "Health.Front.Base\Health.Front.Base.csproj", "{98ECCCAC-18CD-4920-B888-4A00DB6C6F0E}"
EndProject
Project("{FAE04EC0-301F-11D3-BF4B-00C04F79EFBC}") = "Health.Test", "Health.Test\Health.Test.csproj", "{ED5EBB87-2873-4761-B372-ECB9D2A2B9CE}"
EndProject
Project("{2150E333-8FDC-42A3-9474-1A3956D46DE8}") = "Solution Items", "Solution Items", "{8B4376F5-029A-4DF9-8C30-F7AF5D0111E7}"
	ProjectSection(SolutionItems) = preProject
		HealthW32.vsmdi = HealthW32.vsmdi
		Local.testsettings = Local.testsettings
		Performance1.psess = Performance1.psess
		TraceAndTestImpact.testsettings = TraceAndTestImpact.testsettings
	EndProjectSection
EndProject
Project("{FAE04EC0-301F-11D3-BF4B-00C04F79EFBC}") = "GenData", "GenData\GenData.csproj", "{B8233342-A77B-4976-BBE5-2984A731ABB4}"
EndProject
Project("{FAE04EC0-301F-11D3-BF4B-00C04F79EFBC}") = "Health.BE", "Health.BE\Health.BE.csproj", "{4E3871C5-88DE-4170-93DE-2A27CFC53A3F}"
EndProject
Project("{FAE04EC0-301F-11D3-BF4B-00C04F79EFBC}") = "Health.Front.MedEvents", "Health.Front.MedEvents\Health.Front.MedEvents.csproj", "{9F87C301-04B6-40E7-9B3A-0BB270AA2B56}"
EndProject
Project("{F088123C-0E9E-452A-89E6-6BA2F21D5CAC}") = "ModelingProject1", "ModelingProject1\ModelingProject1.modelproj", "{9DAF4D4E-820A-4488-9575-381C3EF169AF}"
EndProject
Global
	GlobalSection(TestCaseManagementSettings) = postSolution
		CategoryFile = HealthW32.vsmdi
	EndGlobalSection
	GlobalSection(SolutionConfigurationPlatforms) = preSolution
		Debug|Any CPU = Debug|Any CPU
		Debug|Mixed Platforms = Debug|Mixed Platforms
		Debug|x86 = Debug|x86
		Release|Any CPU = Release|Any CPU
		Release|Mixed Platforms = Release|Mixed Platforms
		Release|x86 = Release|x86
	EndGlobalSection
	GlobalSection(ProjectConfigurationPlatforms) = postSolution
		{842A24D2-7052-4D70-BCBB-728FE29E0385}.Debug|Any CPU.ActiveCfg = Debug|Any CPU
		{842A24D2-7052-4D70-BCBB-728FE29E0385}.Debug|Any CPU.Build.0 = Debug|Any CPU
		{842A24D2-7052-4D70-BCBB-728FE29E0385}.Debug|Mixed Platforms.ActiveCfg = Debug|Any CPU
		{842A24D2-7052-4D70-BCBB-728FE29E0385}.Debug|Mixed Platforms.Build.0 = Debug|Any CPU
		{842A24D2-7052-4D70-BCBB-728FE29E0385}.Debug|x86.ActiveCfg = Debug|x86
		{842A24D2-7052-4D70-BCBB-728FE29E0385}.Debug|x86.Build.0 = Debug|x86
		{842A24D2-7052-4D70-BCBB-728FE29E0385}.Release|Any CPU.ActiveCfg = Release|Any CPU
		{842A24D2-7052-4D70-BCBB-728FE29E0385}.Release|Any CPU.Build.0 = Release|Any CPU
		{842A24D2-7052-4D70-BCBB-728FE29E0385}.Release|Mixed Platforms.ActiveCfg = Release|Any CPU
		{842A24D2-7052-4D70-BCBB-728FE29E0385}.Release|Mixed Platforms.Build.0 = Release|Any CPU
		{842A24D2-7052-4D70-BCBB-728FE29E0385}.Release|x86.ActiveCfg = Release|Any CPU
		{C055BC65-6249-44CF-B43D-ED7B613A6E0C}.Debug|Any CPU.ActiveCfg = Debug|Any CPU
		{C055BC65-6249-44CF-B43D-ED7B613A6E0C}.Debug|Any CPU.Build.0 = Debug|Any CPU
		{C055BC65-6249-44CF-B43D-ED7B613A6E0C}.Debug|Mixed Platforms.ActiveCfg = Debug|Any CPU
		{C055BC65-6249-44CF-B43D-ED7B613A6E0C}.Debug|Mixed Platforms.Build.0 = Debug|Any CPU
		{C055BC65-6249-44CF-B43D-ED7B613A6E0C}.Debug|x86.ActiveCfg = Debug|x86
		{C055BC65-6249-44CF-B43D-ED7B613A6E0C}.Debug|x86.Build.0 = Debug|x86
		{C055BC65-6249-44CF-B43D-ED7B613A6E0C}.Release|Any CPU.ActiveCfg = Release|x86
		{C055BC65-6249-44CF-B43D-ED7B613A6E0C}.Release|Mixed Platforms.ActiveCfg = Release|x86
		{C055BC65-6249-44CF-B43D-ED7B613A6E0C}.Release|Mixed Platforms.Build.0 = Release|x86
		{C055BC65-6249-44CF-B43D-ED7B613A6E0C}.Release|x86.ActiveCfg = Release|x86
		{C055BC65-6249-44CF-B43D-ED7B613A6E0C}.Release|x86.Build.0 = Release|x86
		{CDFB2B90-2A11-4D6A-B8A8-EFC5FB2FBDD7}.Debug|Any CPU.ActiveCfg = Debug|Any CPU
		{CDFB2B90-2A11-4D6A-B8A8-EFC5FB2FBDD7}.Debug|Any CPU.Build.0 = Debug|Any CPU
		{CDFB2B90-2A11-4D6A-B8A8-EFC5FB2FBDD7}.Debug|Mixed Platforms.ActiveCfg = Debug|Any CPU
		{CDFB2B90-2A11-4D6A-B8A8-EFC5FB2FBDD7}.Debug|Mixed Platforms.Build.0 = Debug|Any CPU
		{CDFB2B90-2A11-4D6A-B8A8-EFC5FB2FBDD7}.Debug|x86.ActiveCfg = Debug|x86
		{CDFB2B90-2A11-4D6A-B8A8-EFC5FB2FBDD7}.Debug|x86.Build.0 = Debug|x86
		{CDFB2B90-2A11-4D6A-B8A8-EFC5FB2FBDD7}.Release|Any CPU.ActiveCfg = Release|Any CPU
		{CDFB2B90-2A11-4D6A-B8A8-EFC5FB2FBDD7}.Release|Any CPU.Build.0 = Release|Any CPU
		{CDFB2B90-2A11-4D6A-B8A8-EFC5FB2FBDD7}.Release|Mixed Platforms.ActiveCfg = Release|Any CPU
		{CDFB2B90-2A11-4D6A-B8A8-EFC5FB2FBDD7}.Release|Mixed Platforms.Build.0 = Release|Any CPU
		{CDFB2B90-2A11-4D6A-B8A8-EFC5FB2FBDD7}.Release|x86.ActiveCfg = Release|Any CPU
		{98ECCCAC-18CD-4920-B888-4A00DB6C6F0E}.Debug|Any CPU.ActiveCfg = Debug|Any CPU
		{98ECCCAC-18CD-4920-B888-4A00DB6C6F0E}.Debug|Mixed Platforms.ActiveCfg = Debug|Any CPU
		{98ECCCAC-18CD-4920-B888-4A00DB6C6F0E}.Debug|Mixed Platforms.Build.0 = Debug|Any CPU
		{98ECCCAC-18CD-4920-B888-4A00DB6C6F0E}.Debug|x86.ActiveCfg = Debug|x86
		{98ECCCAC-18CD-4920-B888-4A00DB6C6F0E}.Debug|x86.Build.0 = Debug|x86
		{98ECCCAC-18CD-4920-B888-4A00DB6C6F0E}.Release|Any CPU.ActiveCfg = Release|Any CPU
		{98ECCCAC-18CD-4920-B888-4A00DB6C6F0E}.Release|Any CPU.Build.0 = Release|Any CPU
		{98ECCCAC-18CD-4920-B888-4A00DB6C6F0E}.Release|Mixed Platforms.ActiveCfg = Release|Any CPU
		{98ECCCAC-18CD-4920-B888-4A00DB6C6F0E}.Release|Mixed Platforms.Build.0 = Release|Any CPU
		{98ECCCAC-18CD-4920-B888-4A00DB6C6F0E}.Release|x86.ActiveCfg = Release|Any CPU
		{ED5EBB87-2873-4761-B372-ECB9D2A2B9CE}.Debug|Any CPU.ActiveCfg = Debug|Any CPU
		{ED5EBB87-2873-4761-B372-ECB9D2A2B9CE}.Debug|Mixed Platforms.ActiveCfg = Debug|Any CPU
		{ED5EBB87-2873-4761-B372-ECB9D2A2B9CE}.Debug|x86.ActiveCfg = Debug|Any CPU
		{ED5EBB87-2873-4761-B372-ECB9D2A2B9CE}.Release|Any CPU.ActiveCfg = Release|Any CPU
		{ED5EBB87-2873-4761-B372-ECB9D2A2B9CE}.Release|Any CPU.Build.0 = Release|Any CPU
		{ED5EBB87-2873-4761-B372-ECB9D2A2B9CE}.Release|Mixed Platforms.ActiveCfg = Release|Any CPU
		{ED5EBB87-2873-4761-B372-ECB9D2A2B9CE}.Release|Mixed Platforms.Build.0 = Release|Any CPU
		{ED5EBB87-2873-4761-B372-ECB9D2A2B9CE}.Release|x86.ActiveCfg = Release|Any CPU
		{B8233342-A77B-4976-BBE5-2984A731ABB4}.Debug|Any CPU.ActiveCfg = Debug|x86
		{B8233342-A77B-4976-BBE5-2984A731ABB4}.Debug|Mixed Platforms.ActiveCfg = Debug|x86
		{B8233342-A77B-4976-BBE5-2984A731ABB4}.Debug|x86.ActiveCfg = Debug|x86
		{B8233342-A77B-4976-BBE5-2984A731ABB4}.Debug|x86.Build.0 = Debug|x86
		{B8233342-A77B-4976-BBE5-2984A731ABB4}.Release|Any CPU.ActiveCfg = Release|x86
		{B8233342-A77B-4976-BBE5-2984A731ABB4}.Release|Mixed Platforms.ActiveCfg = Release|x86
		{B8233342-A77B-4976-BBE5-2984A731ABB4}.Release|Mixed Platforms.Build.0 = Release|x86
		{B8233342-A77B-4976-BBE5-2984A731ABB4}.Release|x86.ActiveCfg = Release|x86
		{B8233342-A77B-4976-BBE5-2984A731ABB4}.Release|x86.Build.0 = Release|x86
		{4E3871C5-88DE-4170-93DE-2A27CFC53A3F}.Debug|Any CPU.ActiveCfg = Debug|Any CPU
		{4E3871C5-88DE-4170-93DE-2A27CFC53A3F}.Debug|Any CPU.Build.0 = Debug|Any CPU
		{4E3871C5-88DE-4170-93DE-2A27CFC53A3F}.Debug|Mixed Platforms.ActiveCfg = Debug|Any CPU
		{4E3871C5-88DE-4170-93DE-2A27CFC53A3F}.Debug|Mixed Platforms.Build.0 = Debug|Any CPU
		{4E3871C5-88DE-4170-93DE-2A27CFC53A3F}.Debug|x86.ActiveCfg = Debug|x86
		{4E3871C5-88DE-4170-93DE-2A27CFC53A3F}.Debug|x86.Build.0 = Debug|x86
		{4E3871C5-88DE-4170-93DE-2A27CFC53A3F}.Release|Any CPU.ActiveCfg = Release|x86
		{4E3871C5-88DE-4170-93DE-2A27CFC53A3F}.Release|Mixed Platforms.ActiveCfg = Release|x86
		{4E3871C5-88DE-4170-93DE-2A27CFC53A3F}.Release|Mixed Platforms.Build.0 = Release|x86
		{4E3871C5-88DE-4170-93DE-2A27CFC53A3F}.Release|x86.ActiveCfg = Release|x86
		{4E3871C5-88DE-4170-93DE-2A27CFC53A3F}.Release|x86.Build.0 = Release|x86
		{9F87C301-04B6-40E7-9B3A-0BB270AA2B56}.Debug|Any CPU.ActiveCfg = Debug|x86
		{9F87C301-04B6-40E7-9B3A-0BB270AA2B56}.Debug|Mixed Platforms.ActiveCfg = Debug|x86
		{9F87C301-04B6-40E7-9B3A-0BB270AA2B56}.Debug|Mixed Platforms.Build.0 = Debug|x86
		{9F87C301-04B6-40E7-9B3A-0BB270AA2B56}.Debug|x86.ActiveCfg = Debug|x86
		{9F87C301-04B6-40E7-9B3A-0BB270AA2B56}.Debug|x86.Build.0 = Debug|x86
		{9F87C301-04B6-40E7-9B3A-0BB270AA2B56}.Release|Any CPU.ActiveCfg = Release|x86
		{9F87C301-04B6-40E7-9B3A-0BB270AA2B56}.Release|Mixed Platforms.ActiveCfg = Release|x86
		{9F87C301-04B6-40E7-9B3A-0BB270AA2B56}.Release|Mixed Platforms.Build.0 = Release|x86
		{9F87C301-04B6-40E7-9B3A-0BB270AA2B56}.Release|x86.ActiveCfg = Release|x86
		{9F87C301-04B6-40E7-9B3A-0BB270AA2B56}.Release|x86.Build.0 = Release|x86
		{9DAF4D4E-820A-4488-9575-381C3EF169AF}.Debug|Any CPU.ActiveCfg = Debug|Any CPU
		{9DAF4D4E-820A-4488-9575-381C3EF169AF}.Debug|Any CPU.Build.0 = Debug|Any CPU
		{9DAF4D4E-820A-4488-9575-381C3EF169AF}.Debug|Mixed Platforms.ActiveCfg = Debug|Any CPU
		{9DAF4D4E-820A-4488-9575-381C3EF169AF}.Debug|Mixed Platforms.Build.0 = Debug|Any CPU
		{9DAF4D4E-820A-4488-9575-381C3EF169AF}.Debug|x86.ActiveCfg = Debug|Any CPU
		{9DAF4D4E-820A-4488-9575-381C3EF169AF}.Release|Any CPU.ActiveCfg = Release|Any CPU
		{9DAF4D4E-820A-4488-9575-381C3EF169AF}.Release|Any CPU.Build.0 = Release|Any CPU
		{9DAF4D4E-820A-4488-9575-381C3EF169AF}.Release|Mixed Platforms.ActiveCfg = Release|Any CPU
		{9DAF4D4E-820A-4488-9575-381C3EF169AF}.Release|Mixed Platforms.Build.0 = Release|Any CPU
		{9DAF4D4E-820A-4488-9575-381C3EF169AF}.Release|x86.ActiveCfg = Release|Any CPU
	EndGlobalSection
	GlobalSection(SolutionProperties) = preSolution
		HideSolutionNode = FALSE
	EndGlobalSection
	GlobalSection(NestedProjects) = preSolution
		{842A24D2-7052-4D70-BCBB-728FE29E0385} = {600790FE-EFA9-45E6-8F7E-2CCE60C52FF3}
		{CDFB2B90-2A11-4D6A-B8A8-EFC5FB2FBDD7} = {600790FE-EFA9-45E6-8F7E-2CCE60C52FF3}
		{8B4376F5-029A-4DF9-8C30-F7AF5D0111E7} = {600790FE-EFA9-45E6-8F7E-2CCE60C52FF3}
		{B8233342-A77B-4976-BBE5-2984A731ABB4} = {600790FE-EFA9-45E6-8F7E-2CCE60C52FF3}
		{4E3871C5-88DE-4170-93DE-2A27CFC53A3F} = {600790FE-EFA9-45E6-8F7E-2CCE60C52FF3}
		{ED5EBB87-2873-4761-B372-ECB9D2A2B9CE} = {8B4376F5-029A-4DF9-8C30-F7AF5D0111E7}
		{98ECCCAC-18CD-4920-B888-4A00DB6C6F0E} = {8B4376F5-029A-4DF9-8C30-F7AF5D0111E7}
	EndGlobalSection
EndGlobal
