
Microsoft Visual Studio Solution File, Format Version 9.00
# Visual Studio 2005
Project("{FAE04EC0-301F-11D3-BF4B-00C04F79EFBC}") = "BareBonesTM", "BareBonesTM\BareBonesTM.csproj", "{D3DF973C-6D2F-4E98-A123-9D0070F9AC55}"
EndProject
Global
	GlobalSection(SolutionConfigurationPlatforms) = preSolution
		Debug|Any CPU = Debug|Any CPU
		Release|Any CPU = Release|Any CPU
	EndGlobalSection
	GlobalSection(ProjectConfigurationPlatforms) = postSolution
		{D3DF973C-6D2F-4E98-A123-9D0070F9AC55}.Debug|Any CPU.ActiveCfg = Debug|Any CPU
		{D3DF973C-6D2F-4E98-A123-9D0070F9AC55}.Debug|Any CPU.Build.0 = Debug|Any CPU
		{D3DF973C-6D2F-4E98-A123-9D0070F9AC55}.Release|Any CPU.ActiveCfg = Release|Any CPU
		{D3DF973C-6D2F-4E98-A123-9D0070F9AC55}.Release|Any CPU.Build.0 = Release|Any CPU
	EndGlobalSection
	GlobalSection(SolutionProperties) = preSolution
		HideSolutionNode = FALSE
	EndGlobalSection
EndGlobal
