
Microsoft Visual Studio Solution File, Format Version 11.00
# Visual Studio 2010
Project("{FAE04EC0-301F-11D3-BF4B-00C04F79EFBC}") = "HtmlGridColumn", "WebApplication1\HtmlGridColumn.csproj", "{3F30B6E5-64BC-4866-8B5B-A26A0CFA6349}"
EndProject
Global
	GlobalSection(SolutionConfigurationPlatforms) = preSolution
		Debug|Any CPU = Debug|Any CPU
		Release|Any CPU = Release|Any CPU
	EndGlobalSection
	GlobalSection(ProjectConfigurationPlatforms) = postSolution
		{3F30B6E5-64BC-4866-8B5B-A26A0CFA6349}.Debug|Any CPU.ActiveCfg = Debug|Any CPU
		{3F30B6E5-64BC-4866-8B5B-A26A0CFA6349}.Debug|Any CPU.Build.0 = Debug|Any CPU
		{3F30B6E5-64BC-4866-8B5B-A26A0CFA6349}.Release|Any CPU.ActiveCfg = Release|Any CPU
		{3F30B6E5-64BC-4866-8B5B-A26A0CFA6349}.Release|Any CPU.Build.0 = Release|Any CPU
	EndGlobalSection
	GlobalSection(SolutionProperties) = preSolution
		HideSolutionNode = FALSE
	EndGlobalSection
EndGlobal
