
Microsoft Visual Studio Solution File, Format Version 11.00
# Visual Studio 2010
Project("{FAE04EC0-301F-11D3-BF4B-00C04F79EFBC}") = "Health.WcfDispatcher.Host", "WcfDispatcher_Host\Health.WcfDispatcher.Host.csproj", "{6E86955E-7756-4DF1-AE79-DC6D1B5AA5C1}"
EndProject
Project("{FAE04EC0-301F-11D3-BF4B-00C04F79EFBC}") = "Health.WcfDispatcher.Svc", "WcfDispatcherSvc\Health.WcfDispatcher.Svc.csproj", "{E4C33F21-7B84-4DF6-8D7C-D546FACB3B16}"
EndProject
Project("{FAE04EC0-301F-11D3-BF4B-00C04F79EFBC}") = "Health.DAC", "..\Health.DAC\Health.DAC.csproj", "{842A24D2-7052-4D70-BCBB-728FE29E0385}"
EndProject
Project("{FAE04EC0-301F-11D3-BF4B-00C04F79EFBC}") = "Health.BE", "..\Health.BE\Health.BE.csproj", "{4E3871C5-88DE-4170-93DE-2A27CFC53A3F}"
EndProject
Project("{FAE04EC0-301F-11D3-BF4B-00C04F79EFBC}") = "Health.SVC", "..\Health.SVC\Health.SVC.csproj", "{CDFB2B90-2A11-4D6A-B8A8-EFC5FB2FBDD7}"
EndProject
Project("{2150E333-8FDC-42A3-9474-1A3956D46DE8}") = "BackEnd", "BackEnd", "{DAC169EF-D6A6-4E0D-8258-4E41C4EAB757}"
EndProject
Global
	GlobalSection(SubversionScc) = preSolution
		Svn-Managed = True
		Manager = AnkhSVN - Subversion Support for Visual Studio
	EndGlobalSection
	GlobalSection(SolutionConfigurationPlatforms) = preSolution
		Debug|Any CPU = Debug|Any CPU
		Debug|Mixed Platforms = Debug|Mixed Platforms
		Debug|x86 = Debug|x86
		Release|Any CPU = Release|Any CPU
		Release|Mixed Platforms = Release|Mixed Platforms
		Release|x86 = Release|x86
	EndGlobalSection
	GlobalSection(ProjectConfigurationPlatforms) = postSolution
		{6E86955E-7756-4DF1-AE79-DC6D1B5AA5C1}.Debug|Any CPU.ActiveCfg = Debug|Any CPU
		{6E86955E-7756-4DF1-AE79-DC6D1B5AA5C1}.Debug|Any CPU.Build.0 = Debug|Any CPU
		{6E86955E-7756-4DF1-AE79-DC6D1B5AA5C1}.Debug|Mixed Platforms.ActiveCfg = Debug|Any CPU
		{6E86955E-7756-4DF1-AE79-DC6D1B5AA5C1}.Debug|Mixed Platforms.Build.0 = Debug|Any CPU
		{6E86955E-7756-4DF1-AE79-DC6D1B5AA5C1}.Debug|x86.ActiveCfg = Debug|Any CPU
		{6E86955E-7756-4DF1-AE79-DC6D1B5AA5C1}.Release|Any CPU.ActiveCfg = Release|Any CPU
		{6E86955E-7756-4DF1-AE79-DC6D1B5AA5C1}.Release|Any CPU.Build.0 = Release|Any CPU
		{6E86955E-7756-4DF1-AE79-DC6D1B5AA5C1}.Release|Mixed Platforms.ActiveCfg = Release|Any CPU
		{6E86955E-7756-4DF1-AE79-DC6D1B5AA5C1}.Release|Mixed Platforms.Build.0 = Release|Any CPU
		{6E86955E-7756-4DF1-AE79-DC6D1B5AA5C1}.Release|x86.ActiveCfg = Release|Any CPU
		{E4C33F21-7B84-4DF6-8D7C-D546FACB3B16}.Debug|Any CPU.ActiveCfg = Debug|x86
		{E4C33F21-7B84-4DF6-8D7C-D546FACB3B16}.Debug|Mixed Platforms.ActiveCfg = Debug|x86
		{E4C33F21-7B84-4DF6-8D7C-D546FACB3B16}.Debug|Mixed Platforms.Build.0 = Debug|x86
		{E4C33F21-7B84-4DF6-8D7C-D546FACB3B16}.Debug|x86.ActiveCfg = Debug|x86
		{E4C33F21-7B84-4DF6-8D7C-D546FACB3B16}.Debug|x86.Build.0 = Debug|x86
		{E4C33F21-7B84-4DF6-8D7C-D546FACB3B16}.Release|Any CPU.ActiveCfg = Release|x86
		{E4C33F21-7B84-4DF6-8D7C-D546FACB3B16}.Release|Mixed Platforms.ActiveCfg = Release|x86
		{E4C33F21-7B84-4DF6-8D7C-D546FACB3B16}.Release|Mixed Platforms.Build.0 = Release|x86
		{E4C33F21-7B84-4DF6-8D7C-D546FACB3B16}.Release|x86.ActiveCfg = Release|x86
		{E4C33F21-7B84-4DF6-8D7C-D546FACB3B16}.Release|x86.Build.0 = Release|x86
		{842A24D2-7052-4D70-BCBB-728FE29E0385}.Debug|Any CPU.ActiveCfg = Debug|Any CPU
		{842A24D2-7052-4D70-BCBB-728FE29E0385}.Debug|Any CPU.Build.0 = Debug|Any CPU
		{842A24D2-7052-4D70-BCBB-728FE29E0385}.Debug|Mixed Platforms.ActiveCfg = Debug|Any CPU
		{842A24D2-7052-4D70-BCBB-728FE29E0385}.Debug|Mixed Platforms.Build.0 = Debug|Any CPU
		{842A24D2-7052-4D70-BCBB-728FE29E0385}.Debug|x86.ActiveCfg = Debug|x86
		{842A24D2-7052-4D70-BCBB-728FE29E0385}.Debug|x86.Build.0 = Debug|x86
		{842A24D2-7052-4D70-BCBB-728FE29E0385}.Release|Any CPU.ActiveCfg = Release|Any CPU
		{842A24D2-7052-4D70-BCBB-728FE29E0385}.Release|Any CPU.Build.0 = Release|Any CPU
		{842A24D2-7052-4D70-BCBB-728FE29E0385}.Release|Mixed Platforms.ActiveCfg = Release|x86
		{842A24D2-7052-4D70-BCBB-728FE29E0385}.Release|Mixed Platforms.Build.0 = Release|x86
		{842A24D2-7052-4D70-BCBB-728FE29E0385}.Release|x86.ActiveCfg = Release|x86
		{842A24D2-7052-4D70-BCBB-728FE29E0385}.Release|x86.Build.0 = Release|x86
		{4E3871C5-88DE-4170-93DE-2A27CFC53A3F}.Debug|Any CPU.ActiveCfg = Debug|Any CPU
		{4E3871C5-88DE-4170-93DE-2A27CFC53A3F}.Debug|Any CPU.Build.0 = Debug|Any CPU
		{4E3871C5-88DE-4170-93DE-2A27CFC53A3F}.Debug|Mixed Platforms.ActiveCfg = Debug|Any CPU
		{4E3871C5-88DE-4170-93DE-2A27CFC53A3F}.Debug|Mixed Platforms.Build.0 = Debug|Any CPU
		{4E3871C5-88DE-4170-93DE-2A27CFC53A3F}.Debug|x86.ActiveCfg = Debug|x86
		{4E3871C5-88DE-4170-93DE-2A27CFC53A3F}.Debug|x86.Build.0 = Debug|x86
		{4E3871C5-88DE-4170-93DE-2A27CFC53A3F}.Release|Any CPU.ActiveCfg = Release|Any CPU
		{4E3871C5-88DE-4170-93DE-2A27CFC53A3F}.Release|Any CPU.Build.0 = Release|Any CPU
		{4E3871C5-88DE-4170-93DE-2A27CFC53A3F}.Release|Mixed Platforms.ActiveCfg = Release|Any CPU
		{4E3871C5-88DE-4170-93DE-2A27CFC53A3F}.Release|Mixed Platforms.Build.0 = Release|Any CPU
		{4E3871C5-88DE-4170-93DE-2A27CFC53A3F}.Release|x86.ActiveCfg = Release|x86
		{4E3871C5-88DE-4170-93DE-2A27CFC53A3F}.Release|x86.Build.0 = Release|x86
		{CDFB2B90-2A11-4D6A-B8A8-EFC5FB2FBDD7}.Debug|Any CPU.ActiveCfg = Debug|Any CPU
		{CDFB2B90-2A11-4D6A-B8A8-EFC5FB2FBDD7}.Debug|Any CPU.Build.0 = Debug|Any CPU
		{CDFB2B90-2A11-4D6A-B8A8-EFC5FB2FBDD7}.Debug|Mixed Platforms.ActiveCfg = Debug|Any CPU
		{CDFB2B90-2A11-4D6A-B8A8-EFC5FB2FBDD7}.Debug|Mixed Platforms.Build.0 = Debug|Any CPU
		{CDFB2B90-2A11-4D6A-B8A8-EFC5FB2FBDD7}.Debug|x86.ActiveCfg = Debug|x86
		{CDFB2B90-2A11-4D6A-B8A8-EFC5FB2FBDD7}.Debug|x86.Build.0 = Debug|x86
		{CDFB2B90-2A11-4D6A-B8A8-EFC5FB2FBDD7}.Release|Any CPU.ActiveCfg = Release|Any CPU
		{CDFB2B90-2A11-4D6A-B8A8-EFC5FB2FBDD7}.Release|Any CPU.Build.0 = Release|Any CPU
		{CDFB2B90-2A11-4D6A-B8A8-EFC5FB2FBDD7}.Release|Mixed Platforms.ActiveCfg = Release|x86
		{CDFB2B90-2A11-4D6A-B8A8-EFC5FB2FBDD7}.Release|Mixed Platforms.Build.0 = Release|x86
		{CDFB2B90-2A11-4D6A-B8A8-EFC5FB2FBDD7}.Release|x86.ActiveCfg = Release|x86
		{CDFB2B90-2A11-4D6A-B8A8-EFC5FB2FBDD7}.Release|x86.Build.0 = Release|x86
	EndGlobalSection
	GlobalSection(SolutionProperties) = preSolution
		HideSolutionNode = FALSE
	EndGlobalSection
	GlobalSection(NestedProjects) = preSolution
		{4E3871C5-88DE-4170-93DE-2A27CFC53A3F} = {DAC169EF-D6A6-4E0D-8258-4E41C4EAB757}
		{CDFB2B90-2A11-4D6A-B8A8-EFC5FB2FBDD7} = {DAC169EF-D6A6-4E0D-8258-4E41C4EAB757}
		{842A24D2-7052-4D70-BCBB-728FE29E0385} = {DAC169EF-D6A6-4E0D-8258-4E41C4EAB757}
	EndGlobalSection
EndGlobal
