
Microsoft Visual Studio Solution File, Format Version 10.00
# Visual Studio 2008
Project("{FAE04EC0-301F-11D3-BF4B-00C04F79EFBC}") = "WebService_Secure", "WebService_Secure\WebService_Secure.csproj", "{F49C7BAE-166C-4644-921B-2C0994DA147F}"
EndProject
Global
	GlobalSection(SolutionConfigurationPlatforms) = preSolution
		Debug|Any CPU = Debug|Any CPU
		Release|Any CPU = Release|Any CPU
	EndGlobalSection
	GlobalSection(ProjectConfigurationPlatforms) = postSolution
		{F49C7BAE-166C-4644-921B-2C0994DA147F}.Debug|Any CPU.ActiveCfg = Debug|Any CPU
		{F49C7BAE-166C-4644-921B-2C0994DA147F}.Debug|Any CPU.Build.0 = Debug|Any CPU
		{F49C7BAE-166C-4644-921B-2C0994DA147F}.Release|Any CPU.ActiveCfg = Release|Any CPU
		{F49C7BAE-166C-4644-921B-2C0994DA147F}.Release|Any CPU.Build.0 = Release|Any CPU
	EndGlobalSection
	GlobalSection(SolutionProperties) = preSolution
		HideSolutionNode = FALSE
	EndGlobalSection
EndGlobal
