
Microsoft Visual Studio Solution File, Format Version 11.00
# Visual Studio 2010
Project("{FAE04EC0-301F-11D3-BF4B-00C04F79EFBC}") = "ShoppingCart", "ShoppingCart.csproj", "{73B944DB-8B4B-43DD-9CE4-1CCA7D3F7FDB}"
EndProject
Project("{2150E333-8FDC-42A3-9474-1A3956D46DE8}") = "Solution Items", "Solution Items", "{39054D36-948A-44E3-A298-9718E2B25882}"
EndProject
Global
	GlobalSection(SolutionConfigurationPlatforms) = preSolution
		Debug|Any CPU = Debug|Any CPU
		Release|Any CPU = Release|Any CPU
	EndGlobalSection
	GlobalSection(ProjectConfigurationPlatforms) = postSolution
		{73B944DB-8B4B-43DD-9CE4-1CCA7D3F7FDB}.Debug|Any CPU.ActiveCfg = Debug|Any CPU
		{73B944DB-8B4B-43DD-9CE4-1CCA7D3F7FDB}.Debug|Any CPU.Build.0 = Debug|Any CPU
		{73B944DB-8B4B-43DD-9CE4-1CCA7D3F7FDB}.Release|Any CPU.ActiveCfg = Release|Any CPU
		{73B944DB-8B4B-43DD-9CE4-1CCA7D3F7FDB}.Release|Any CPU.Build.0 = Release|Any CPU
	EndGlobalSection
	GlobalSection(SolutionProperties) = preSolution
		HideSolutionNode = FALSE
	EndGlobalSection
EndGlobal
