
Microsoft Visual Studio Solution File, Format Version 9.00
# Visual Studio 2005
Project("{FAE04EC0-301F-11D3-BF4B-00C04F79EFBC}") = "ActivityLibrary", "ActivityLibrary\ActivityLibrary.csproj", "{E628410B-9AA6-484B-893B-EC55CC5FEFBE}"
EndProject
Project("{FAE04EC0-301F-11D3-BF4B-00C04F79EFBC}") = "Server", "Test\Server\Server.csproj", "{753EC978-0E63-481F-A72E-FD9BD26B9FD9}"
EndProject
Project("{FAE04EC0-301F-11D3-BF4B-00C04F79EFBC}") = "Client", "Test\Client\Client.csproj", "{9F96D382-2EF4-4B29-9B69-EA2DFED758BD}"
EndProject
Project("{FAE04EC0-301F-11D3-BF4B-00C04F79EFBC}") = "WorkflowLibrary", "Test\WorkflowLibrary\WorkflowLibrary.csproj", "{798E04B8-47F6-4A4F-989A-8DB78BEA5245}"
EndProject
Project("{FAE04EC0-301F-11D3-BF4B-00C04F79EFBC}") = "WorkflowRemoting", "WorkflowRemoting\WorkflowRemoting.csproj", "{8A08E1ED-024A-4857-83C8-161104B7D9F2}"
EndProject
Project("{FAE04EC0-301F-11D3-BF4B-00C04F79EFBC}") = "InterfaceContract", "Test\InterfaceContract\InterfaceContract.csproj", "{01A41307-7C7C-4D96-89B8-570126F2AA61}"
EndProject
Global
	GlobalSection(SolutionConfigurationPlatforms) = preSolution
		Debug|Any CPU = Debug|Any CPU
		Release|Any CPU = Release|Any CPU
	EndGlobalSection
	GlobalSection(ProjectConfigurationPlatforms) = postSolution
		{E628410B-9AA6-484B-893B-EC55CC5FEFBE}.Debug|Any CPU.ActiveCfg = Debug|Any CPU
		{E628410B-9AA6-484B-893B-EC55CC5FEFBE}.Debug|Any CPU.Build.0 = Debug|Any CPU
		{E628410B-9AA6-484B-893B-EC55CC5FEFBE}.Release|Any CPU.ActiveCfg = Release|Any CPU
		{E628410B-9AA6-484B-893B-EC55CC5FEFBE}.Release|Any CPU.Build.0 = Release|Any CPU
		{753EC978-0E63-481F-A72E-FD9BD26B9FD9}.Debug|Any CPU.ActiveCfg = Debug|Any CPU
		{753EC978-0E63-481F-A72E-FD9BD26B9FD9}.Debug|Any CPU.Build.0 = Debug|Any CPU
		{753EC978-0E63-481F-A72E-FD9BD26B9FD9}.Release|Any CPU.ActiveCfg = Release|Any CPU
		{753EC978-0E63-481F-A72E-FD9BD26B9FD9}.Release|Any CPU.Build.0 = Release|Any CPU
		{9F96D382-2EF4-4B29-9B69-EA2DFED758BD}.Debug|Any CPU.ActiveCfg = Debug|Any CPU
		{9F96D382-2EF4-4B29-9B69-EA2DFED758BD}.Debug|Any CPU.Build.0 = Debug|Any CPU
		{9F96D382-2EF4-4B29-9B69-EA2DFED758BD}.Release|Any CPU.ActiveCfg = Release|Any CPU
		{9F96D382-2EF4-4B29-9B69-EA2DFED758BD}.Release|Any CPU.Build.0 = Release|Any CPU
		{798E04B8-47F6-4A4F-989A-8DB78BEA5245}.Debug|Any CPU.ActiveCfg = Debug|Any CPU
		{798E04B8-47F6-4A4F-989A-8DB78BEA5245}.Debug|Any CPU.Build.0 = Debug|Any CPU
		{798E04B8-47F6-4A4F-989A-8DB78BEA5245}.Release|Any CPU.ActiveCfg = Release|Any CPU
		{798E04B8-47F6-4A4F-989A-8DB78BEA5245}.Release|Any CPU.Build.0 = Release|Any CPU
		{8A08E1ED-024A-4857-83C8-161104B7D9F2}.Debug|Any CPU.ActiveCfg = Debug|Any CPU
		{8A08E1ED-024A-4857-83C8-161104B7D9F2}.Debug|Any CPU.Build.0 = Debug|Any CPU
		{8A08E1ED-024A-4857-83C8-161104B7D9F2}.Release|Any CPU.ActiveCfg = Release|Any CPU
		{8A08E1ED-024A-4857-83C8-161104B7D9F2}.Release|Any CPU.Build.0 = Release|Any CPU
		{01A41307-7C7C-4D96-89B8-570126F2AA61}.Debug|Any CPU.ActiveCfg = Debug|Any CPU
		{01A41307-7C7C-4D96-89B8-570126F2AA61}.Debug|Any CPU.Build.0 = Debug|Any CPU
		{01A41307-7C7C-4D96-89B8-570126F2AA61}.Release|Any CPU.ActiveCfg = Release|Any CPU
		{01A41307-7C7C-4D96-89B8-570126F2AA61}.Release|Any CPU.Build.0 = Release|Any CPU
	EndGlobalSection
	GlobalSection(SolutionProperties) = preSolution
		HideSolutionNode = FALSE
	EndGlobalSection
EndGlobal
