
Microsoft Visual Studio Solution File, Format Version 10.00
# Visual Studio 2008
Project("{FAE04EC0-301F-11D3-BF4B-00C04F79EFBC}") = "AjaxWithDynamicControls", "AjaxWithDynamicControls\AjaxWithDynamicControls.csproj", "{F4F6015F-7FC7-456D-A775-FF7354A78E29}"
EndProject
Project("{FAE04EC0-301F-11D3-BF4B-00C04F79EFBC}") = "DynamicControls_NoAutopostBack", "DynamicControls_NoAutopostBack\DynamicControls_NoAutopostBack.csproj", "{5536299E-75D3-482A-B85E-E0F589B45D9D}"
EndProject
Global
	GlobalSection(SolutionConfigurationPlatforms) = preSolution
		Debug|Any CPU = Debug|Any CPU
		Release|Any CPU = Release|Any CPU
	EndGlobalSection
	GlobalSection(ProjectConfigurationPlatforms) = postSolution
		{F4F6015F-7FC7-456D-A775-FF7354A78E29}.Debug|Any CPU.ActiveCfg = Debug|Any CPU
		{F4F6015F-7FC7-456D-A775-FF7354A78E29}.Debug|Any CPU.Build.0 = Debug|Any CPU
		{F4F6015F-7FC7-456D-A775-FF7354A78E29}.Release|Any CPU.ActiveCfg = Release|Any CPU
		{F4F6015F-7FC7-456D-A775-FF7354A78E29}.Release|Any CPU.Build.0 = Release|Any CPU
		{5536299E-75D3-482A-B85E-E0F589B45D9D}.Debug|Any CPU.ActiveCfg = Debug|Any CPU
		{5536299E-75D3-482A-B85E-E0F589B45D9D}.Debug|Any CPU.Build.0 = Debug|Any CPU
		{5536299E-75D3-482A-B85E-E0F589B45D9D}.Release|Any CPU.ActiveCfg = Release|Any CPU
		{5536299E-75D3-482A-B85E-E0F589B45D9D}.Release|Any CPU.Build.0 = Release|Any CPU
	EndGlobalSection
	GlobalSection(SolutionProperties) = preSolution
		HideSolutionNode = FALSE
	EndGlobalSection
EndGlobal
