
Microsoft Visual Studio Solution File, Format Version 10.00
# Visual Studio 2008
Project("{FAE04EC0-301F-11D3-BF4B-00C04F79EFBC}") = "SimpleExpenseReport", "SimpleExpenseReport\SimpleExpenseReport.csproj", "{37000091-C9D4-4954-B65E-5EED0AD2CD55}"
EndProject
Project("{FAE04EC0-301F-11D3-BF4B-00C04F79EFBC}") = "ExpenseReportWorkflow", "ExpenseReportWorkflow\ExpenseReportWorkflow.csproj", "{FC37B866-16CE-4F19-8A0E-2829AFF7948B}"
EndProject
Global
	GlobalSection(SolutionConfigurationPlatforms) = preSolution
		Debug|Any CPU = Debug|Any CPU
		Release|Any CPU = Release|Any CPU
	EndGlobalSection
	GlobalSection(ProjectConfigurationPlatforms) = postSolution
		{37000091-C9D4-4954-B65E-5EED0AD2CD55}.Debug|Any CPU.ActiveCfg = Debug|Any CPU
		{37000091-C9D4-4954-B65E-5EED0AD2CD55}.Debug|Any CPU.Build.0 = Debug|Any CPU
		{37000091-C9D4-4954-B65E-5EED0AD2CD55}.Release|Any CPU.ActiveCfg = Release|Any CPU
		{37000091-C9D4-4954-B65E-5EED0AD2CD55}.Release|Any CPU.Build.0 = Release|Any CPU
		{FC37B866-16CE-4F19-8A0E-2829AFF7948B}.Debug|Any CPU.ActiveCfg = Debug|Any CPU
		{FC37B866-16CE-4F19-8A0E-2829AFF7948B}.Debug|Any CPU.Build.0 = Debug|Any CPU
		{FC37B866-16CE-4F19-8A0E-2829AFF7948B}.Release|Any CPU.ActiveCfg = Release|Any CPU
		{FC37B866-16CE-4F19-8A0E-2829AFF7948B}.Release|Any CPU.Build.0 = Release|Any CPU
	EndGlobalSection
	GlobalSection(SolutionProperties) = preSolution
		HideSolutionNode = FALSE
	EndGlobalSection
EndGlobal
