
Microsoft Visual Studio Solution File, Format Version 10.00
# Visual Studio 2008
Project("{FAE04EC0-301F-11D3-BF4B-00C04F79EFBC}") = "EventXP_Detecter", "EventXP_Detecter\EventXP_Detecter.csproj", "{45027902-83C0-47BD-A7C4-522F35D62070}"
EndProject
Project("{FAE04EC0-301F-11D3-BF4B-00C04F79EFBC}") = "SysEventDetecterService", "SysEventDetecterService\SysEventDetecterService.csproj", "{840F9D2B-1CCA-4596-B3EC-651B9B260DBB}"
EndProject
Project("{FAE04EC0-301F-11D3-BF4B-00C04F79EFBC}") = "SysEventSVC", "SysEventSVC\SysEventSVC.csproj", "{AAA80821-4015-4C0A-A796-D6F2B082B0A5}"
EndProject
Project("{FAE04EC0-301F-11D3-BF4B-00C04F79EFBC}") = "SysEvent.Common", "SysEvent.Common\SysEvent.Common.csproj", "{2944E60A-AFF9-4475-B51C-08D0DE1EB0DA}"
EndProject
Project("{2150E333-8FDC-42A3-9474-1A3956D46DE8}") = "ClientListenerServices", "ClientListenerServices", "{CF13E049-AB3C-4B3B-83D1-1747AC96EAC8}"
EndProject
Project("{FAE04EC0-301F-11D3-BF4B-00C04F79EFBC}") = "WS_SysService", "WS_SysService\WS_SysService.csproj", "{C202855F-424F-4F5B-B79A-6B29177DF22D}"
EndProject
Global
	GlobalSection(SubversionScc) = preSolution
		Svn-Managed = True
		Manager = AnkhSVN - Subversion Support for Visual Studio
	EndGlobalSection
	GlobalSection(SolutionConfigurationPlatforms) = preSolution
		Debug|Any CPU = Debug|Any CPU
		Release|Any CPU = Release|Any CPU
	EndGlobalSection
	GlobalSection(ProjectConfigurationPlatforms) = postSolution
		{45027902-83C0-47BD-A7C4-522F35D62070}.Debug|Any CPU.ActiveCfg = Debug|Any CPU
		{45027902-83C0-47BD-A7C4-522F35D62070}.Debug|Any CPU.Build.0 = Debug|Any CPU
		{45027902-83C0-47BD-A7C4-522F35D62070}.Release|Any CPU.ActiveCfg = Release|Any CPU
		{45027902-83C0-47BD-A7C4-522F35D62070}.Release|Any CPU.Build.0 = Release|Any CPU
		{840F9D2B-1CCA-4596-B3EC-651B9B260DBB}.Debug|Any CPU.ActiveCfg = Debug|Any CPU
		{840F9D2B-1CCA-4596-B3EC-651B9B260DBB}.Debug|Any CPU.Build.0 = Debug|Any CPU
		{840F9D2B-1CCA-4596-B3EC-651B9B260DBB}.Release|Any CPU.ActiveCfg = Release|Any CPU
		{840F9D2B-1CCA-4596-B3EC-651B9B260DBB}.Release|Any CPU.Build.0 = Release|Any CPU
		{AAA80821-4015-4C0A-A796-D6F2B082B0A5}.Debug|Any CPU.ActiveCfg = Debug|Any CPU
		{AAA80821-4015-4C0A-A796-D6F2B082B0A5}.Debug|Any CPU.Build.0 = Debug|Any CPU
		{AAA80821-4015-4C0A-A796-D6F2B082B0A5}.Release|Any CPU.ActiveCfg = Release|Any CPU
		{AAA80821-4015-4C0A-A796-D6F2B082B0A5}.Release|Any CPU.Build.0 = Release|Any CPU
		{2944E60A-AFF9-4475-B51C-08D0DE1EB0DA}.Debug|Any CPU.ActiveCfg = Debug|Any CPU
		{2944E60A-AFF9-4475-B51C-08D0DE1EB0DA}.Debug|Any CPU.Build.0 = Debug|Any CPU
		{2944E60A-AFF9-4475-B51C-08D0DE1EB0DA}.Release|Any CPU.ActiveCfg = Release|Any CPU
		{2944E60A-AFF9-4475-B51C-08D0DE1EB0DA}.Release|Any CPU.Build.0 = Release|Any CPU
		{C202855F-424F-4F5B-B79A-6B29177DF22D}.Debug|Any CPU.ActiveCfg = Debug|Any CPU
		{C202855F-424F-4F5B-B79A-6B29177DF22D}.Debug|Any CPU.Build.0 = Debug|Any CPU
		{C202855F-424F-4F5B-B79A-6B29177DF22D}.Release|Any CPU.ActiveCfg = Release|Any CPU
		{C202855F-424F-4F5B-B79A-6B29177DF22D}.Release|Any CPU.Build.0 = Release|Any CPU
	EndGlobalSection
	GlobalSection(SolutionProperties) = preSolution
		HideSolutionNode = FALSE
	EndGlobalSection
	GlobalSection(NestedProjects) = preSolution
		{840F9D2B-1CCA-4596-B3EC-651B9B260DBB} = {CF13E049-AB3C-4B3B-83D1-1747AC96EAC8}
		{45027902-83C0-47BD-A7C4-522F35D62070} = {CF13E049-AB3C-4B3B-83D1-1747AC96EAC8}
	EndGlobalSection
EndGlobal
