Microsoft Visual Studio Solution File, Format Version 8.00
Project("{FAE04EC0-301F-11D3-BF4B-00C04F79EFBC}") = "ObjectStorePart1", "ObjectStorePart1.csproj", "{D323C15D-DD9E-4B6A-A32F-BAA905083E48}"
	ProjectSection(ProjectDependencies) = postProject
	EndProjectSection
EndProject
Global
	GlobalSection(SolutionConfiguration) = preSolution
		Debug = Debug
		Release = Release
	EndGlobalSection
	GlobalSection(ProjectConfiguration) = postSolution
		{D323C15D-DD9E-4B6A-A32F-BAA905083E48}.Debug.ActiveCfg = Debug|.NET
		{D323C15D-DD9E-4B6A-A32F-BAA905083E48}.Debug.Build.0 = Debug|.NET
		{D323C15D-DD9E-4B6A-A32F-BAA905083E48}.Release.ActiveCfg = Release|.NET
		{D323C15D-DD9E-4B6A-A32F-BAA905083E48}.Release.Build.0 = Release|.NET
	EndGlobalSection
	GlobalSection(ExtensibilityGlobals) = postSolution
	EndGlobalSection
	GlobalSection(ExtensibilityAddIns) = postSolution
	EndGlobalSection
EndGlobal
