
Microsoft Visual Studio Solution File, Format Version 10.00
# Visual Studio 2008
Project("{FAE04EC0-301F-11D3-BF4B-00C04F79EFBC}") = "MultiLanguage", "MultiLanguage\MultiLanguage.csproj", "{9610986A-DF5A-4B7C-9257-A83917AE163C}"
EndProject
Global
	GlobalSection(SolutionConfigurationPlatforms) = preSolution
		Debug|Any CPU = Debug|Any CPU
		Release|Any CPU = Release|Any CPU
	EndGlobalSection
	GlobalSection(ProjectConfigurationPlatforms) = postSolution
		{9610986A-DF5A-4B7C-9257-A83917AE163C}.Debug|Any CPU.ActiveCfg = Debug|Any CPU
		{9610986A-DF5A-4B7C-9257-A83917AE163C}.Debug|Any CPU.Build.0 = Debug|Any CPU
		{9610986A-DF5A-4B7C-9257-A83917AE163C}.Release|Any CPU.ActiveCfg = Release|Any CPU
		{9610986A-DF5A-4B7C-9257-A83917AE163C}.Release|Any CPU.Build.0 = Release|Any CPU
	EndGlobalSection
	GlobalSection(SolutionProperties) = preSolution
		HideSolutionNode = FALSE
	EndGlobalSection
EndGlobal
