
Microsoft Visual Studio Solution File, Format Version 10.00
# Visual Studio 2008
Project("{FAE04EC0-301F-11D3-BF4B-00C04F79EFBC}") = "WCFDirectClient", "PnrpPhotoClient\WCFDirectClient.csproj", "{E881EDA1-C03D-4124-B050-AD114B834F11}"
EndProject
Project("{2150E333-8FDC-42A3-9474-1A3956D46DE8}") = "Solution Items", "Solution Items", "{EFDEE277-6AA2-420C-BFF6-850D9D60914E}"
	ProjectSection(SolutionItems) = preProject
		LocalTestRun.testrunconfig = LocalTestRun.testrunconfig
		PnrpPhoto.vsmdi = PnrpPhoto.vsmdi
	EndProjectSection
EndProject
Project("{FAE04EC0-301F-11D3-BF4B-00C04F79EFBC}") = "SlickthoughtMVPLibrary", "..\..\SlickthoughtMVPLibrary\SlickthoughtMVPLibrary\SlickthoughtMVPLibrary.csproj", "{3A881329-D528-4BD1-BD38-5F1912EDB4A9}"
EndProject
Project("{FAE04EC0-301F-11D3-BF4B-00C04F79EFBC}") = "WCFDirectHost", "PnrpPhotoHost\WCFDirectHost.csproj", "{A486030C-2E2E-4DE6-9564-4BF4F265D20B}"
EndProject
Global
	GlobalSection(TestCaseManagementSettings) = postSolution
		CategoryFile = PnrpPhoto.vsmdi
	EndGlobalSection
	GlobalSection(SolutionConfigurationPlatforms) = preSolution
		Debug|Any CPU = Debug|Any CPU
		Release|Any CPU = Release|Any CPU
	EndGlobalSection
	GlobalSection(ProjectConfigurationPlatforms) = postSolution
		{E881EDA1-C03D-4124-B050-AD114B834F11}.Debug|Any CPU.ActiveCfg = Debug|Any CPU
		{E881EDA1-C03D-4124-B050-AD114B834F11}.Debug|Any CPU.Build.0 = Debug|Any CPU
		{E881EDA1-C03D-4124-B050-AD114B834F11}.Release|Any CPU.ActiveCfg = Release|Any CPU
		{E881EDA1-C03D-4124-B050-AD114B834F11}.Release|Any CPU.Build.0 = Release|Any CPU
		{3A881329-D528-4BD1-BD38-5F1912EDB4A9}.Debug|Any CPU.ActiveCfg = Debug|Any CPU
		{3A881329-D528-4BD1-BD38-5F1912EDB4A9}.Debug|Any CPU.Build.0 = Debug|Any CPU
		{3A881329-D528-4BD1-BD38-5F1912EDB4A9}.Release|Any CPU.ActiveCfg = Release|Any CPU
		{3A881329-D528-4BD1-BD38-5F1912EDB4A9}.Release|Any CPU.Build.0 = Release|Any CPU
		{A486030C-2E2E-4DE6-9564-4BF4F265D20B}.Debug|Any CPU.ActiveCfg = Debug|Any CPU
		{A486030C-2E2E-4DE6-9564-4BF4F265D20B}.Debug|Any CPU.Build.0 = Debug|Any CPU
		{A486030C-2E2E-4DE6-9564-4BF4F265D20B}.Release|Any CPU.ActiveCfg = Release|Any CPU
		{A486030C-2E2E-4DE6-9564-4BF4F265D20B}.Release|Any CPU.Build.0 = Release|Any CPU
	EndGlobalSection
	GlobalSection(SolutionProperties) = preSolution
		HideSolutionNode = FALSE
	EndGlobalSection
EndGlobal
