
Microsoft Visual Studio Solution File, Format Version 12.00
# Visual Studio 2013
VisualStudioVersion = 12.0.21005.1
MinimumVisualStudioVersion = 10.0.40219.1
Project("{FAE04EC0-301F-11D3-BF4B-00C04F79EFBC}") = "Epiron.Front.Gestion.Sample1", "Epiron.Front.Gestion.Sample1\Epiron.Front.Gestion.Sample1.csproj", "{33E6F0EB-593D-4522-9073-4B7080AD9A00}"
EndProject
Project("{FAE04EC0-301F-11D3-BF4B-00C04F79EFBC}") = "Epiron.Front.Gestion.Facebook", "Epiron.Front.Gestion.Faceboock\Epiron.Front.Gestion.Facebook.csproj", "{213C66C2-4A2C-4D48-8BED-E7C13AB80CD8}"
EndProject
Project("{FAE04EC0-301F-11D3-BF4B-00C04F79EFBC}") = "Meucci.Front.Alerts", "Meucci.Front.Alerts\Meucci.Front.Alerts.csproj", "{B0972D2E-8EFE-44A4-AE50-FF67DBA03C73}"
EndProject
Project("{FAE04EC0-301F-11D3-BF4B-00C04F79EFBC}") = "Epiron.Front.Gestion", "Epiron.Front.Gestion\Epiron.Front.Gestion.csproj", "{BD15C8F8-541F-4B2F-B275-AB908727613B}"
EndProject
Global
	GlobalSection(SolutionConfigurationPlatforms) = preSolution
		Debug|Any CPU = Debug|Any CPU
		Release|Any CPU = Release|Any CPU
	EndGlobalSection
	GlobalSection(ProjectConfigurationPlatforms) = postSolution
		{33E6F0EB-593D-4522-9073-4B7080AD9A00}.Debug|Any CPU.ActiveCfg = Debug|Any CPU
		{33E6F0EB-593D-4522-9073-4B7080AD9A00}.Debug|Any CPU.Build.0 = Debug|Any CPU
		{33E6F0EB-593D-4522-9073-4B7080AD9A00}.Release|Any CPU.ActiveCfg = Release|Any CPU
		{33E6F0EB-593D-4522-9073-4B7080AD9A00}.Release|Any CPU.Build.0 = Release|Any CPU
		{213C66C2-4A2C-4D48-8BED-E7C13AB80CD8}.Debug|Any CPU.ActiveCfg = Debug|Any CPU
		{213C66C2-4A2C-4D48-8BED-E7C13AB80CD8}.Debug|Any CPU.Build.0 = Debug|Any CPU
		{213C66C2-4A2C-4D48-8BED-E7C13AB80CD8}.Release|Any CPU.ActiveCfg = Release|Any CPU
		{213C66C2-4A2C-4D48-8BED-E7C13AB80CD8}.Release|Any CPU.Build.0 = Release|Any CPU
		{B0972D2E-8EFE-44A4-AE50-FF67DBA03C73}.Debug|Any CPU.ActiveCfg = Debug|Any CPU
		{B0972D2E-8EFE-44A4-AE50-FF67DBA03C73}.Debug|Any CPU.Build.0 = Debug|Any CPU
		{B0972D2E-8EFE-44A4-AE50-FF67DBA03C73}.Release|Any CPU.ActiveCfg = Release|Any CPU
		{B0972D2E-8EFE-44A4-AE50-FF67DBA03C73}.Release|Any CPU.Build.0 = Release|Any CPU
		{BD15C8F8-541F-4B2F-B275-AB908727613B}.Debug|Any CPU.ActiveCfg = Debug|Any CPU
		{BD15C8F8-541F-4B2F-B275-AB908727613B}.Debug|Any CPU.Build.0 = Debug|Any CPU
		{BD15C8F8-541F-4B2F-B275-AB908727613B}.Release|Any CPU.ActiveCfg = Release|Any CPU
		{BD15C8F8-541F-4B2F-B275-AB908727613B}.Release|Any CPU.Build.0 = Release|Any CPU
	EndGlobalSection
	GlobalSection(SolutionProperties) = preSolution
		HideSolutionNode = FALSE
	EndGlobalSection
EndGlobal
