
Microsoft Visual Studio Solution File, Format Version 12.00
# Visual Studio 2012
Project("{FAE04EC0-301F-11D3-BF4B-00C04F79EFBC}") = "Epiron.Bases.ServiceProxy", "Epiron.Bases.ServiceProxy\Epiron.Bases.ServiceProxy.csproj", "{6374DC82-C976-4B9F-B782-6EFE012CE3B3}"
EndProject
Project("{FAE04EC0-301F-11D3-BF4B-00C04F79EFBC}") = "Epiron.Back.Bases", "Epiron.Back.Bases\Epiron.Back.Bases.csproj", "{D9F241B2-FF16-4675-A41A-FBC67F28E61A}"
EndProject
Project("{FAE04EC0-301F-11D3-BF4B-00C04F79EFBC}") = "Epiron.Front.Bases", "Epiron.Front.Bases\Epiron.Front.Bases.csproj", "{FE2A6704-A249-4FE2-AC13-0E588A33B18E}"
EndProject
Global
	GlobalSection(SolutionConfigurationPlatforms) = preSolution
		Debug|Any CPU = Debug|Any CPU
		Release|Any CPU = Release|Any CPU
	EndGlobalSection
	GlobalSection(ProjectConfigurationPlatforms) = postSolution
		{6374DC82-C976-4B9F-B782-6EFE012CE3B3}.Debug|Any CPU.ActiveCfg = Debug|Any CPU
		{6374DC82-C976-4B9F-B782-6EFE012CE3B3}.Debug|Any CPU.Build.0 = Debug|Any CPU
		{6374DC82-C976-4B9F-B782-6EFE012CE3B3}.Release|Any CPU.ActiveCfg = Release|Any CPU
		{6374DC82-C976-4B9F-B782-6EFE012CE3B3}.Release|Any CPU.Build.0 = Release|Any CPU
		{D9F241B2-FF16-4675-A41A-FBC67F28E61A}.Debug|Any CPU.ActiveCfg = Debug|Any CPU
		{D9F241B2-FF16-4675-A41A-FBC67F28E61A}.Debug|Any CPU.Build.0 = Debug|Any CPU
		{D9F241B2-FF16-4675-A41A-FBC67F28E61A}.Release|Any CPU.ActiveCfg = Release|Any CPU
		{D9F241B2-FF16-4675-A41A-FBC67F28E61A}.Release|Any CPU.Build.0 = Release|Any CPU
		{FE2A6704-A249-4FE2-AC13-0E588A33B18E}.Debug|Any CPU.ActiveCfg = Debug|Any CPU
		{FE2A6704-A249-4FE2-AC13-0E588A33B18E}.Debug|Any CPU.Build.0 = Debug|Any CPU
		{FE2A6704-A249-4FE2-AC13-0E588A33B18E}.Release|Any CPU.ActiveCfg = Release|Any CPU
		{FE2A6704-A249-4FE2-AC13-0E588A33B18E}.Release|Any CPU.Build.0 = Release|Any CPU
	EndGlobalSection
	GlobalSection(SolutionProperties) = preSolution
		HideSolutionNode = FALSE
	EndGlobalSection
EndGlobal
