
Microsoft Visual Studio Solution File, Format Version 12.00
# Visual Studio 2012
Project("{FAE04EC0-301F-11D3-BF4B-00C04F79EFBC}") = "API.Common", "API.Common\API.Common.csproj", "{6CF36CE2-37E1-43F2-8DAE-5532F23E8048}"
EndProject
Project("{FAE04EC0-301F-11D3-BF4B-00C04F79EFBC}") = "WCFAPIhost", "WCFAPIhost\WCFAPIhost.csproj", "{199E4808-0AFF-4C0F-BA41-4F9451F07338}"
EndProject
Project("{FAE04EC0-301F-11D3-BF4B-00C04F79EFBC}") = "WCFAPI", "WCFAPI\WCFAPI.csproj", "{BC934490-A8DA-4111-9C18-5705CFFA5D3D}"
EndProject
Global
	GlobalSection(SolutionConfigurationPlatforms) = preSolution
		Debug|Any CPU = Debug|Any CPU
		Release|Any CPU = Release|Any CPU
	EndGlobalSection
	GlobalSection(ProjectConfigurationPlatforms) = postSolution
		{6CF36CE2-37E1-43F2-8DAE-5532F23E8048}.Debug|Any CPU.ActiveCfg = Debug|Any CPU
		{6CF36CE2-37E1-43F2-8DAE-5532F23E8048}.Debug|Any CPU.Build.0 = Debug|Any CPU
		{6CF36CE2-37E1-43F2-8DAE-5532F23E8048}.Release|Any CPU.ActiveCfg = Release|Any CPU
		{6CF36CE2-37E1-43F2-8DAE-5532F23E8048}.Release|Any CPU.Build.0 = Release|Any CPU
		{199E4808-0AFF-4C0F-BA41-4F9451F07338}.Debug|Any CPU.ActiveCfg = Debug|Any CPU
		{199E4808-0AFF-4C0F-BA41-4F9451F07338}.Debug|Any CPU.Build.0 = Debug|Any CPU
		{199E4808-0AFF-4C0F-BA41-4F9451F07338}.Release|Any CPU.ActiveCfg = Release|Any CPU
		{199E4808-0AFF-4C0F-BA41-4F9451F07338}.Release|Any CPU.Build.0 = Release|Any CPU
		{BC934490-A8DA-4111-9C18-5705CFFA5D3D}.Debug|Any CPU.ActiveCfg = Debug|Any CPU
		{BC934490-A8DA-4111-9C18-5705CFFA5D3D}.Debug|Any CPU.Build.0 = Debug|Any CPU
		{BC934490-A8DA-4111-9C18-5705CFFA5D3D}.Release|Any CPU.ActiveCfg = Release|Any CPU
		{BC934490-A8DA-4111-9C18-5705CFFA5D3D}.Release|Any CPU.Build.0 = Release|Any CPU
	EndGlobalSection
	GlobalSection(SolutionProperties) = preSolution
		HideSolutionNode = FALSE
	EndGlobalSection
EndGlobal
