Microsoft Visual Studio Solution File, Format Version 10.00
# Visual Studio 2008
Project("{FAE04EC0-301F-11D3-BF4B-00C04F79EFBC}") = "Perioricidad", "Perioricidad.csproj", "{56CD6A31-EBFD-489A-A548-FD26CA472284}"
EndProject
Global
	GlobalSection(SolutionConfigurationPlatforms) = preSolution
		Debug|Any CPU = Debug|Any CPU
		Release|Any CPU = Release|Any CPU
	EndGlobalSection
	GlobalSection(ProjectConfigurationPlatforms) = postSolution
		{56CD6A31-EBFD-489A-A548-FD26CA472284}.Debug|Any CPU.ActiveCfg = Debug|Any CPU
		{56CD6A31-EBFD-489A-A548-FD26CA472284}.Debug|Any CPU.Build.0 = Debug|Any CPU
		{56CD6A31-EBFD-489A-A548-FD26CA472284}.Release|Any CPU.ActiveCfg = Release|Any CPU
		{56CD6A31-EBFD-489A-A548-FD26CA472284}.Release|Any CPU.Build.0 = Release|Any CPU
	EndGlobalSection
	GlobalSection(SolutionProperties) = preSolution
		HideSolutionNode = FALSE
	EndGlobalSection
EndGlobal
