
Microsoft Visual Studio Solution File, Format Version 10.00
# Visual Studio 2008
Project("{FAE04EC0-301F-11D3-BF4B-00C04F79EFBC}") = "LlamarMetodosDeOtraClase", "LlamarMetodosDeOtraClase\LlamarMetodosDeOtraClase.csproj", "{D80EE69B-A4BA-45CB-8EC0-0AFF95FC5569}"
EndProject
Project("{FAE04EC0-301F-11D3-BF4B-00C04F79EFBC}") = "EjecutarTemplateRuntime", "EjecutarTemplateRuntime\EjecutarTemplateRuntime.csproj", "{FAA45879-D530-4C05-BAC3-CB301B54B941}"
EndProject
Global
	GlobalSection(SolutionConfigurationPlatforms) = preSolution
		Debug|Any CPU = Debug|Any CPU
		Release|Any CPU = Release|Any CPU
	EndGlobalSection
	GlobalSection(ProjectConfigurationPlatforms) = postSolution
		{D80EE69B-A4BA-45CB-8EC0-0AFF95FC5569}.Debug|Any CPU.ActiveCfg = Debug|Any CPU
		{D80EE69B-A4BA-45CB-8EC0-0AFF95FC5569}.Debug|Any CPU.Build.0 = Debug|Any CPU
		{D80EE69B-A4BA-45CB-8EC0-0AFF95FC5569}.Release|Any CPU.ActiveCfg = Release|Any CPU
		{D80EE69B-A4BA-45CB-8EC0-0AFF95FC5569}.Release|Any CPU.Build.0 = Release|Any CPU
		{FAA45879-D530-4C05-BAC3-CB301B54B941}.Debug|Any CPU.ActiveCfg = Debug|Any CPU
		{FAA45879-D530-4C05-BAC3-CB301B54B941}.Debug|Any CPU.Build.0 = Debug|Any CPU
		{FAA45879-D530-4C05-BAC3-CB301B54B941}.Release|Any CPU.ActiveCfg = Release|Any CPU
		{FAA45879-D530-4C05-BAC3-CB301B54B941}.Release|Any CPU.Build.0 = Release|Any CPU
	EndGlobalSection
	GlobalSection(SolutionProperties) = preSolution
		HideSolutionNode = FALSE
	EndGlobalSection
EndGlobal
