
Microsoft Visual Studio Solution File, Format Version 10.00
# Visual Studio 2008
Project("{FAE04EC0-301F-11D3-BF4B-00C04F79EFBC}") = "IntegrationSample", "IntegrationSample\IntegrationSample.csproj", "{A98FD3EB-BBC5-481A-A96F-67B09EC488C0}"
EndProject
Project("{FAE04EC0-301F-11D3-BF4B-00C04F79EFBC}") = "ReclamosAtencionPublico", "ReclamosAtencionPublico\ReclamosAtencionPublico.csproj", "{C4D738ED-89CC-45E5-81E1-94B144EB27CE}"
EndProject
Project("{E24C65DC-7377-472B-9ABA-BC803B73C61A}") = "http://localhost/ReparacionTE/", "http://localhost/ReparacionTE", "{78909B84-212E-4FF1-A88A-CB89604FF91B}"
	ProjectSection(WebsiteProperties) = preProject
		Debug.AspNetCompiler.VirtualPath = "/ReparacionTE"
		Debug.AspNetCompiler.PhysicalPath = "..\..\..\inetpub\wwwroot\ReparacionTE\"
		Debug.AspNetCompiler.TargetPath = "PrecompiledWeb\ReparacionTE\"
		Debug.AspNetCompiler.Updateable = "true"
		Debug.AspNetCompiler.ForceOverwrite = "true"
		Debug.AspNetCompiler.FixedNames = "false"
		Debug.AspNetCompiler.Debug = "True"
		Release.AspNetCompiler.VirtualPath = "/ReparacionTE"
		Release.AspNetCompiler.PhysicalPath = "..\..\..\inetpub\wwwroot\ReparacionTE\"
		Release.AspNetCompiler.TargetPath = "PrecompiledWeb\ReparacionTE\"
		Release.AspNetCompiler.Updateable = "true"
		Release.AspNetCompiler.ForceOverwrite = "true"
		Release.AspNetCompiler.FixedNames = "false"
		Release.AspNetCompiler.Debug = "False"
		SlnRelativePath = "..\..\..\inetpub\wwwroot\ReparacionTE\"
		DefaultWebSiteLanguage = "Visual C#"
	EndProjectSection
EndProject
Global
	GlobalSection(SolutionConfigurationPlatforms) = preSolution
		Debug|.NET = Debug|.NET
		Debug|Any CPU = Debug|Any CPU
		Debug|Mixed Platforms = Debug|Mixed Platforms
		Release|.NET = Release|.NET
		Release|Any CPU = Release|Any CPU
		Release|Mixed Platforms = Release|Mixed Platforms
	EndGlobalSection
	GlobalSection(ProjectConfigurationPlatforms) = postSolution
		{A98FD3EB-BBC5-481A-A96F-67B09EC488C0}.Debug|.NET.ActiveCfg = Debug|Any CPU
		{A98FD3EB-BBC5-481A-A96F-67B09EC488C0}.Debug|Any CPU.ActiveCfg = Debug|Any CPU
		{A98FD3EB-BBC5-481A-A96F-67B09EC488C0}.Debug|Any CPU.Build.0 = Debug|Any CPU
		{A98FD3EB-BBC5-481A-A96F-67B09EC488C0}.Debug|Mixed Platforms.ActiveCfg = Debug|Any CPU
		{A98FD3EB-BBC5-481A-A96F-67B09EC488C0}.Debug|Mixed Platforms.Build.0 = Debug|Any CPU
		{A98FD3EB-BBC5-481A-A96F-67B09EC488C0}.Release|.NET.ActiveCfg = Release|Any CPU
		{A98FD3EB-BBC5-481A-A96F-67B09EC488C0}.Release|Any CPU.ActiveCfg = Release|Any CPU
		{A98FD3EB-BBC5-481A-A96F-67B09EC488C0}.Release|Any CPU.Build.0 = Release|Any CPU
		{A98FD3EB-BBC5-481A-A96F-67B09EC488C0}.Release|Mixed Platforms.ActiveCfg = Release|Any CPU
		{A98FD3EB-BBC5-481A-A96F-67B09EC488C0}.Release|Mixed Platforms.Build.0 = Release|Any CPU
		{C4D738ED-89CC-45E5-81E1-94B144EB27CE}.Debug|.NET.ActiveCfg = Debug|Any CPU
		{C4D738ED-89CC-45E5-81E1-94B144EB27CE}.Debug|Any CPU.ActiveCfg = Debug|Any CPU
		{C4D738ED-89CC-45E5-81E1-94B144EB27CE}.Debug|Any CPU.Build.0 = Debug|Any CPU
		{C4D738ED-89CC-45E5-81E1-94B144EB27CE}.Debug|Mixed Platforms.ActiveCfg = Debug|Any CPU
		{C4D738ED-89CC-45E5-81E1-94B144EB27CE}.Debug|Mixed Platforms.Build.0 = Debug|Any CPU
		{C4D738ED-89CC-45E5-81E1-94B144EB27CE}.Release|.NET.ActiveCfg = Release|Any CPU
		{C4D738ED-89CC-45E5-81E1-94B144EB27CE}.Release|Any CPU.ActiveCfg = Release|Any CPU
		{C4D738ED-89CC-45E5-81E1-94B144EB27CE}.Release|Any CPU.Build.0 = Release|Any CPU
		{C4D738ED-89CC-45E5-81E1-94B144EB27CE}.Release|Mixed Platforms.ActiveCfg = Release|Any CPU
		{C4D738ED-89CC-45E5-81E1-94B144EB27CE}.Release|Mixed Platforms.Build.0 = Release|Any CPU
		{78909B84-212E-4FF1-A88A-CB89604FF91B}.Debug|.NET.ActiveCfg = Debug|.NET
		{78909B84-212E-4FF1-A88A-CB89604FF91B}.Debug|.NET.Build.0 = Debug|.NET
		{78909B84-212E-4FF1-A88A-CB89604FF91B}.Debug|Any CPU.ActiveCfg = Debug|.NET
		{78909B84-212E-4FF1-A88A-CB89604FF91B}.Debug|Mixed Platforms.ActiveCfg = Debug|.NET
		{78909B84-212E-4FF1-A88A-CB89604FF91B}.Debug|Mixed Platforms.Build.0 = Debug|.NET
		{78909B84-212E-4FF1-A88A-CB89604FF91B}.Release|.NET.ActiveCfg = Debug|.NET
		{78909B84-212E-4FF1-A88A-CB89604FF91B}.Release|.NET.Build.0 = Debug|.NET
		{78909B84-212E-4FF1-A88A-CB89604FF91B}.Release|Any CPU.ActiveCfg = Debug|.NET
		{78909B84-212E-4FF1-A88A-CB89604FF91B}.Release|Mixed Platforms.ActiveCfg = Debug|.NET
		{78909B84-212E-4FF1-A88A-CB89604FF91B}.Release|Mixed Platforms.Build.0 = Debug|.NET
	EndGlobalSection
	GlobalSection(SolutionProperties) = preSolution
		HideSolutionNode = FALSE
	EndGlobalSection
EndGlobal
