
Microsoft Visual Studio Solution File, Format Version 11.00
# Visual Studio 2010
Project("{FAE04EC0-301F-11D3-BF4B-00C04F79EFBC}") = "Pop3Lib", "Pop3Lib\Pop3Lib.csproj", "{81638D8B-6C72-4545-9C3E-0BD7E3B83037}"
EndProject
Project("{FAE04EC0-301F-11D3-BF4B-00C04F79EFBC}") = "Example", "Example\Example.csproj", "{8734EE8B-C44D-4C52-A0B5-1C10E4F7F32F}"
EndProject
Project("{F184B08F-C81C-45F6-A57F-5ABD9991F28F}") = "ExampleVB", "ExampleVB\ExampleVB.vbproj", "{2327D21D-2805-489B-B764-FC6AF42DFF5B}"
EndProject
Global
	GlobalSection(SolutionConfigurationPlatforms) = preSolution
		Debug|Any CPU = Debug|Any CPU
		Debug|Mixed Platforms = Debug|Mixed Platforms
		Debug|x86 = Debug|x86
		Release|Any CPU = Release|Any CPU
		Release|Mixed Platforms = Release|Mixed Platforms
		Release|x86 = Release|x86
	EndGlobalSection
	GlobalSection(ProjectConfigurationPlatforms) = postSolution
		{81638D8B-6C72-4545-9C3E-0BD7E3B83037}.Debug|Any CPU.ActiveCfg = Debug|Any CPU
		{81638D8B-6C72-4545-9C3E-0BD7E3B83037}.Debug|Any CPU.Build.0 = Debug|Any CPU
		{81638D8B-6C72-4545-9C3E-0BD7E3B83037}.Debug|Mixed Platforms.ActiveCfg = Debug|Any CPU
		{81638D8B-6C72-4545-9C3E-0BD7E3B83037}.Debug|Mixed Platforms.Build.0 = Debug|Any CPU
		{81638D8B-6C72-4545-9C3E-0BD7E3B83037}.Debug|x86.ActiveCfg = Debug|Any CPU
		{81638D8B-6C72-4545-9C3E-0BD7E3B83037}.Release|Any CPU.ActiveCfg = Release|Any CPU
		{81638D8B-6C72-4545-9C3E-0BD7E3B83037}.Release|Any CPU.Build.0 = Release|Any CPU
		{81638D8B-6C72-4545-9C3E-0BD7E3B83037}.Release|Mixed Platforms.ActiveCfg = Release|Any CPU
		{81638D8B-6C72-4545-9C3E-0BD7E3B83037}.Release|Mixed Platforms.Build.0 = Release|Any CPU
		{81638D8B-6C72-4545-9C3E-0BD7E3B83037}.Release|x86.ActiveCfg = Release|Any CPU
		{8734EE8B-C44D-4C52-A0B5-1C10E4F7F32F}.Debug|Any CPU.ActiveCfg = Debug|x86
		{8734EE8B-C44D-4C52-A0B5-1C10E4F7F32F}.Debug|Mixed Platforms.ActiveCfg = Debug|x86
		{8734EE8B-C44D-4C52-A0B5-1C10E4F7F32F}.Debug|Mixed Platforms.Build.0 = Debug|x86
		{8734EE8B-C44D-4C52-A0B5-1C10E4F7F32F}.Debug|x86.ActiveCfg = Debug|x86
		{8734EE8B-C44D-4C52-A0B5-1C10E4F7F32F}.Debug|x86.Build.0 = Debug|x86
		{8734EE8B-C44D-4C52-A0B5-1C10E4F7F32F}.Release|Any CPU.ActiveCfg = Release|x86
		{8734EE8B-C44D-4C52-A0B5-1C10E4F7F32F}.Release|Mixed Platforms.ActiveCfg = Release|x86
		{8734EE8B-C44D-4C52-A0B5-1C10E4F7F32F}.Release|Mixed Platforms.Build.0 = Release|x86
		{8734EE8B-C44D-4C52-A0B5-1C10E4F7F32F}.Release|x86.ActiveCfg = Release|x86
		{8734EE8B-C44D-4C52-A0B5-1C10E4F7F32F}.Release|x86.Build.0 = Release|x86
		{2327D21D-2805-489B-B764-FC6AF42DFF5B}.Debug|Any CPU.ActiveCfg = Debug|x86
		{2327D21D-2805-489B-B764-FC6AF42DFF5B}.Debug|Mixed Platforms.ActiveCfg = Debug|x86
		{2327D21D-2805-489B-B764-FC6AF42DFF5B}.Debug|Mixed Platforms.Build.0 = Debug|x86
		{2327D21D-2805-489B-B764-FC6AF42DFF5B}.Debug|x86.ActiveCfg = Debug|x86
		{2327D21D-2805-489B-B764-FC6AF42DFF5B}.Debug|x86.Build.0 = Debug|x86
		{2327D21D-2805-489B-B764-FC6AF42DFF5B}.Release|Any CPU.ActiveCfg = Release|x86
		{2327D21D-2805-489B-B764-FC6AF42DFF5B}.Release|Mixed Platforms.ActiveCfg = Release|x86
		{2327D21D-2805-489B-B764-FC6AF42DFF5B}.Release|Mixed Platforms.Build.0 = Release|x86
		{2327D21D-2805-489B-B764-FC6AF42DFF5B}.Release|x86.ActiveCfg = Release|x86
		{2327D21D-2805-489B-B764-FC6AF42DFF5B}.Release|x86.Build.0 = Release|x86
	EndGlobalSection
	GlobalSection(SolutionProperties) = preSolution
		HideSolutionNode = FALSE
	EndGlobalSection
EndGlobal
