
Microsoft Visual Studio Solution File, Format Version 11.00
# Visual Studio 2010
Project("{FAE04EC0-301F-11D3-BF4B-00C04F79EFBC}") = "Fwk.T4Gen", "Fwk.T4Gen\Fwk.T4Gen.csproj", "{28629B59-7D25-4291-90EB-CE5DE80AB8E2}"
EndProject
Project("{FAE04EC0-301F-11D3-BF4B-00C04F79EFBC}") = "Test", "Test\Test.csproj", "{0314855E-DD7D-4D1A-A914-CE77E8CF67BA}"
EndProject
Project("{FAE04EC0-301F-11D3-BF4B-00C04F79EFBC}") = "Models", "Models\Models.csproj", "{E2941798-97C5-4C9C-BA7F-D3299925EABA}"
EndProject
Global
	GlobalSection(SolutionConfigurationPlatforms) = preSolution
		Debug|Any CPU = Debug|Any CPU
		Debug|Mixed Platforms = Debug|Mixed Platforms
		Debug|x86 = Debug|x86
		Release|Any CPU = Release|Any CPU
		Release|Mixed Platforms = Release|Mixed Platforms
		Release|x86 = Release|x86
	EndGlobalSection
	GlobalSection(ProjectConfigurationPlatforms) = postSolution
		{28629B59-7D25-4291-90EB-CE5DE80AB8E2}.Debug|Any CPU.ActiveCfg = Debug|Any CPU
		{28629B59-7D25-4291-90EB-CE5DE80AB8E2}.Debug|Any CPU.Build.0 = Debug|Any CPU
		{28629B59-7D25-4291-90EB-CE5DE80AB8E2}.Debug|Mixed Platforms.ActiveCfg = Debug|x86
		{28629B59-7D25-4291-90EB-CE5DE80AB8E2}.Debug|Mixed Platforms.Build.0 = Debug|x86
		{28629B59-7D25-4291-90EB-CE5DE80AB8E2}.Debug|x86.ActiveCfg = Debug|x86
		{28629B59-7D25-4291-90EB-CE5DE80AB8E2}.Debug|x86.Build.0 = Debug|x86
		{28629B59-7D25-4291-90EB-CE5DE80AB8E2}.Release|Any CPU.ActiveCfg = Release|Any CPU
		{28629B59-7D25-4291-90EB-CE5DE80AB8E2}.Release|Any CPU.Build.0 = Release|Any CPU
		{28629B59-7D25-4291-90EB-CE5DE80AB8E2}.Release|Mixed Platforms.ActiveCfg = Release|Any CPU
		{28629B59-7D25-4291-90EB-CE5DE80AB8E2}.Release|Mixed Platforms.Build.0 = Release|Any CPU
		{28629B59-7D25-4291-90EB-CE5DE80AB8E2}.Release|x86.ActiveCfg = Release|Any CPU
		{0314855E-DD7D-4D1A-A914-CE77E8CF67BA}.Debug|Any CPU.ActiveCfg = Debug|x86
		{0314855E-DD7D-4D1A-A914-CE77E8CF67BA}.Debug|Mixed Platforms.ActiveCfg = Debug|x86
		{0314855E-DD7D-4D1A-A914-CE77E8CF67BA}.Debug|Mixed Platforms.Build.0 = Debug|x86
		{0314855E-DD7D-4D1A-A914-CE77E8CF67BA}.Debug|x86.ActiveCfg = Debug|x86
		{0314855E-DD7D-4D1A-A914-CE77E8CF67BA}.Debug|x86.Build.0 = Debug|x86
		{0314855E-DD7D-4D1A-A914-CE77E8CF67BA}.Release|Any CPU.ActiveCfg = Release|x86
		{0314855E-DD7D-4D1A-A914-CE77E8CF67BA}.Release|Mixed Platforms.ActiveCfg = Release|x86
		{0314855E-DD7D-4D1A-A914-CE77E8CF67BA}.Release|Mixed Platforms.Build.0 = Release|x86
		{0314855E-DD7D-4D1A-A914-CE77E8CF67BA}.Release|x86.ActiveCfg = Release|x86
		{0314855E-DD7D-4D1A-A914-CE77E8CF67BA}.Release|x86.Build.0 = Release|x86
		{E2941798-97C5-4C9C-BA7F-D3299925EABA}.Debug|Any CPU.ActiveCfg = Debug|Any CPU
		{E2941798-97C5-4C9C-BA7F-D3299925EABA}.Debug|Any CPU.Build.0 = Debug|Any CPU
		{E2941798-97C5-4C9C-BA7F-D3299925EABA}.Debug|Mixed Platforms.ActiveCfg = Debug|x86
		{E2941798-97C5-4C9C-BA7F-D3299925EABA}.Debug|Mixed Platforms.Build.0 = Debug|x86
		{E2941798-97C5-4C9C-BA7F-D3299925EABA}.Debug|x86.ActiveCfg = Debug|x86
		{E2941798-97C5-4C9C-BA7F-D3299925EABA}.Debug|x86.Build.0 = Debug|x86
		{E2941798-97C5-4C9C-BA7F-D3299925EABA}.Release|Any CPU.ActiveCfg = Release|Any CPU
		{E2941798-97C5-4C9C-BA7F-D3299925EABA}.Release|Any CPU.Build.0 = Release|Any CPU
		{E2941798-97C5-4C9C-BA7F-D3299925EABA}.Release|Mixed Platforms.ActiveCfg = Release|Any CPU
		{E2941798-97C5-4C9C-BA7F-D3299925EABA}.Release|Mixed Platforms.Build.0 = Release|Any CPU
		{E2941798-97C5-4C9C-BA7F-D3299925EABA}.Release|x86.ActiveCfg = Release|Any CPU
	EndGlobalSection
	GlobalSection(SolutionProperties) = preSolution
		HideSolutionNode = FALSE
	EndGlobalSection
EndGlobal
