
Microsoft Visual Studio Solution File, Format Version 11.00
# Visual Studio 2010
Project("{E24C65DC-7377-472B-9ABA-BC803B73C61A}") = "ClientWebSite", "ClientWebSite\", "{AA796FA3-C2D6-438A-82AC-CFB8C41D45AB}"
	ProjectSection(WebsiteProperties) = preProject
		TargetFrameworkMoniker = ".NETFramework,Version%3Dv4.0"
		Debug.AspNetCompiler.VirtualPath = "/ClientWebSite"
		Debug.AspNetCompiler.PhysicalPath = "ClientWebSite\"
		Debug.AspNetCompiler.TargetPath = "PrecompiledWeb\ClientWebSite\"
		Debug.AspNetCompiler.Updateable = "true"
		Debug.AspNetCompiler.ForceOverwrite = "true"
		Debug.AspNetCompiler.FixedNames = "false"
		Debug.AspNetCompiler.Debug = "True"
		Release.AspNetCompiler.VirtualPath = "/ClientWebSite"
		Release.AspNetCompiler.PhysicalPath = "ClientWebSite\"
		Release.AspNetCompiler.TargetPath = "PrecompiledWeb\ClientWebSite\"
		Release.AspNetCompiler.Updateable = "true"
		Release.AspNetCompiler.ForceOverwrite = "true"
		Release.AspNetCompiler.FixedNames = "false"
		Release.AspNetCompiler.Debug = "False"
		VWDPort = "53598"
	EndProjectSection
EndProject
Project("{FAE04EC0-301F-11D3-BF4B-00C04F79EFBC}") = "WcfService", "WcfService\WcfService.csproj", "{5F1B40C4-2227-4068-9BAA-13D9E05C024F}"
EndProject
Global
	GlobalSection(SolutionConfigurationPlatforms) = preSolution
		Debug|Any CPU = Debug|Any CPU
		Release|Any CPU = Release|Any CPU
	EndGlobalSection
	GlobalSection(ProjectConfigurationPlatforms) = postSolution
		{AA796FA3-C2D6-438A-82AC-CFB8C41D45AB}.Debug|Any CPU.ActiveCfg = Debug|Any CPU
		{AA796FA3-C2D6-438A-82AC-CFB8C41D45AB}.Debug|Any CPU.Build.0 = Debug|Any CPU
		{AA796FA3-C2D6-438A-82AC-CFB8C41D45AB}.Release|Any CPU.ActiveCfg = Debug|Any CPU
		{AA796FA3-C2D6-438A-82AC-CFB8C41D45AB}.Release|Any CPU.Build.0 = Debug|Any CPU
		{5F1B40C4-2227-4068-9BAA-13D9E05C024F}.Debug|Any CPU.ActiveCfg = Debug|Any CPU
		{5F1B40C4-2227-4068-9BAA-13D9E05C024F}.Debug|Any CPU.Build.0 = Debug|Any CPU
		{5F1B40C4-2227-4068-9BAA-13D9E05C024F}.Release|Any CPU.ActiveCfg = Release|Any CPU
		{5F1B40C4-2227-4068-9BAA-13D9E05C024F}.Release|Any CPU.Build.0 = Release|Any CPU
	EndGlobalSection
	GlobalSection(SolutionProperties) = preSolution
		HideSolutionNode = FALSE
	EndGlobalSection
EndGlobal
