
Microsoft Visual Studio Solution File, Format Version 10.00
# Visual Studio 2008
Project("{FAE04EC0-301F-11D3-BF4B-00C04F79EFBC}") = "WindowsFormsApplication1", "WindowsFormsApplication1\WindowsFormsApplication1.csproj", "{6AD3A6E8-8B2F-4CE6-8F17-45D1ECBD6A75}"
EndProject
Project("{FAE04EC0-301F-11D3-BF4B-00C04F79EFBC}") = "WindowsFormsApplication2", "WindowsFormsApplication2\WindowsFormsApplication2.csproj", "{DCD40CE4-11C6-4554-9BBB-78E9553C8568}"
EndProject
Global
	GlobalSection(SolutionConfigurationPlatforms) = preSolution
		Debug|Any CPU = Debug|Any CPU
		Release|Any CPU = Release|Any CPU
	EndGlobalSection
	GlobalSection(ProjectConfigurationPlatforms) = postSolution
		{6AD3A6E8-8B2F-4CE6-8F17-45D1ECBD6A75}.Debug|Any CPU.ActiveCfg = Debug|Any CPU
		{6AD3A6E8-8B2F-4CE6-8F17-45D1ECBD6A75}.Debug|Any CPU.Build.0 = Debug|Any CPU
		{6AD3A6E8-8B2F-4CE6-8F17-45D1ECBD6A75}.Release|Any CPU.ActiveCfg = Release|Any CPU
		{6AD3A6E8-8B2F-4CE6-8F17-45D1ECBD6A75}.Release|Any CPU.Build.0 = Release|Any CPU
		{DCD40CE4-11C6-4554-9BBB-78E9553C8568}.Debug|Any CPU.ActiveCfg = Debug|Any CPU
		{DCD40CE4-11C6-4554-9BBB-78E9553C8568}.Debug|Any CPU.Build.0 = Debug|Any CPU
		{DCD40CE4-11C6-4554-9BBB-78E9553C8568}.Release|Any CPU.ActiveCfg = Release|Any CPU
		{DCD40CE4-11C6-4554-9BBB-78E9553C8568}.Release|Any CPU.Build.0 = Release|Any CPU
	EndGlobalSection
	GlobalSection(SolutionProperties) = preSolution
		HideSolutionNode = FALSE
	EndGlobalSection
EndGlobal
