
Microsoft Visual Studio Solution File, Format Version 10.00
# Visual Studio 2008
Project("{FAE04EC0-301F-11D3-BF4B-00C04F79EFBC}") = "Maria", "Maria\Maria.csproj", "{7CA38CD8-BE42-487A-836F-EDD840A24A7E}"
EndProject
Project("{FAE04EC0-301F-11D3-BF4B-00C04F79EFBC}") = "Maria.DAC", "Maria.DAC\Maria.DAC.csproj", "{842A24D2-7052-4D70-BCBB-728FE29E0385}"
EndProject
Global
	GlobalSection(SolutionConfigurationPlatforms) = preSolution
		Debug|Any CPU = Debug|Any CPU
		Release|Any CPU = Release|Any CPU
	EndGlobalSection
	GlobalSection(ProjectConfigurationPlatforms) = postSolution
		{7CA38CD8-BE42-487A-836F-EDD840A24A7E}.Debug|Any CPU.ActiveCfg = Debug|Any CPU
		{7CA38CD8-BE42-487A-836F-EDD840A24A7E}.Debug|Any CPU.Build.0 = Debug|Any CPU
		{7CA38CD8-BE42-487A-836F-EDD840A24A7E}.Release|Any CPU.ActiveCfg = Release|Any CPU
		{7CA38CD8-BE42-487A-836F-EDD840A24A7E}.Release|Any CPU.Build.0 = Release|Any CPU
		{842A24D2-7052-4D70-BCBB-728FE29E0385}.Debug|Any CPU.ActiveCfg = Debug|Any CPU
		{842A24D2-7052-4D70-BCBB-728FE29E0385}.Debug|Any CPU.Build.0 = Debug|Any CPU
		{842A24D2-7052-4D70-BCBB-728FE29E0385}.Release|Any CPU.ActiveCfg = Release|Any CPU
		{842A24D2-7052-4D70-BCBB-728FE29E0385}.Release|Any CPU.Build.0 = Release|Any CPU
	EndGlobalSection
	GlobalSection(SolutionProperties) = preSolution
		HideSolutionNode = FALSE
	EndGlobalSection
EndGlobal
