Microsoft Visual Studio Solution File, Format Version 8.00
Project("{FAE04EC0-301F-11D3-BF4B-00C04F79EFBC}") = "PelsoftComponent", "PelsoftComponent.csproj", "{5ABD2E34-0750-4100-B73E-38D7D20A05D2}"
	ProjectSection(ProjectDependencies) = postProject
	EndProjectSection
EndProject
Project("{FAE04EC0-301F-11D3-BF4B-00C04F79EFBC}") = "MessageMoverClient", "..\MessageMoverClient\MessageMoverClient.csproj", "{B8DD811A-A01C-4C73-AFA6-F0B692DA5019}"
	ProjectSection(ProjectDependencies) = postProject
	EndProjectSection
EndProject
Global
	GlobalSection(SolutionConfiguration) = preSolution
		Debug = Debug
		Release = Release
	EndGlobalSection
	GlobalSection(ProjectConfiguration) = postSolution
		{5ABD2E34-0750-4100-B73E-38D7D20A05D2}.Debug.ActiveCfg = Debug|.NET
		{5ABD2E34-0750-4100-B73E-38D7D20A05D2}.Debug.Build.0 = Debug|.NET
		{5ABD2E34-0750-4100-B73E-38D7D20A05D2}.Release.ActiveCfg = Release|.NET
		{5ABD2E34-0750-4100-B73E-38D7D20A05D2}.Release.Build.0 = Release|.NET
		{B8DD811A-A01C-4C73-AFA6-F0B692DA5019}.Debug.ActiveCfg = Debug|.NET
		{B8DD811A-A01C-4C73-AFA6-F0B692DA5019}.Debug.Build.0 = Debug|.NET
		{B8DD811A-A01C-4C73-AFA6-F0B692DA5019}.Release.ActiveCfg = Release|.NET
		{B8DD811A-A01C-4C73-AFA6-F0B692DA5019}.Release.Build.0 = Release|.NET
	EndGlobalSection
	GlobalSection(ExtensibilityGlobals) = postSolution
	EndGlobalSection
	GlobalSection(ExtensibilityAddIns) = postSolution
	EndGlobalSection
EndGlobal
