
Microsoft Visual Studio Solution File, Format Version 10.00
# Visual Studio 2008
Project("{FAE04EC0-301F-11D3-BF4B-00C04F79EFBC}") = "MSMQ_WCF_Service", "MSMC_WCF_Service\MSMQ_WCF_Service.csproj", "{FF33DDE2-5275-4247-B5ED-F2F05F0C2C00}"
EndProject
Project("{FAE04EC0-301F-11D3-BF4B-00C04F79EFBC}") = "MSMQ_WCF_Host", "MSMQ_WCF_Host\MSMQ_WCF_Host.csproj", "{A5420488-4B51-4777-92C3-621B84DB9FFD}"
EndProject
Project("{2150E333-8FDC-42A3-9474-1A3956D46DE8}") = "Solution Items", "Solution Items", "{ADE638D4-5348-4A0B-925A-0D542110910D}"
	ProjectSection(SolutionItems) = preProject
		ProjectMapping.xml = ProjectMapping.xml
	EndProjectSection
EndProject
Project("{FAE04EC0-301F-11D3-BF4B-00C04F79EFBC}") = "MSMQ_WCF_Client", "MSMQ_WCF_Client\MSMQ_WCF_Client.csproj", "{97F6D2CC-9DB7-440F-9960-B991C899ADDF}"
EndProject
Global
	GlobalSection(SolutionConfigurationPlatforms) = preSolution
		Debug|Any CPU = Debug|Any CPU
		Release|Any CPU = Release|Any CPU
	EndGlobalSection
	GlobalSection(ProjectConfigurationPlatforms) = postSolution
		{FF33DDE2-5275-4247-B5ED-F2F05F0C2C00}.Debug|Any CPU.ActiveCfg = Debug|Any CPU
		{FF33DDE2-5275-4247-B5ED-F2F05F0C2C00}.Debug|Any CPU.Build.0 = Debug|Any CPU
		{FF33DDE2-5275-4247-B5ED-F2F05F0C2C00}.Release|Any CPU.ActiveCfg = Release|Any CPU
		{FF33DDE2-5275-4247-B5ED-F2F05F0C2C00}.Release|Any CPU.Build.0 = Release|Any CPU
		{A5420488-4B51-4777-92C3-621B84DB9FFD}.Debug|Any CPU.ActiveCfg = Debug|Any CPU
		{A5420488-4B51-4777-92C3-621B84DB9FFD}.Debug|Any CPU.Build.0 = Debug|Any CPU
		{A5420488-4B51-4777-92C3-621B84DB9FFD}.Release|Any CPU.ActiveCfg = Release|Any CPU
		{A5420488-4B51-4777-92C3-621B84DB9FFD}.Release|Any CPU.Build.0 = Release|Any CPU
		{97F6D2CC-9DB7-440F-9960-B991C899ADDF}.Debug|Any CPU.ActiveCfg = Debug|Any CPU
		{97F6D2CC-9DB7-440F-9960-B991C899ADDF}.Debug|Any CPU.Build.0 = Debug|Any CPU
		{97F6D2CC-9DB7-440F-9960-B991C899ADDF}.Release|Any CPU.ActiveCfg = Release|Any CPU
		{97F6D2CC-9DB7-440F-9960-B991C899ADDF}.Release|Any CPU.Build.0 = Release|Any CPU
	EndGlobalSection
	GlobalSection(SolutionProperties) = preSolution
		HideSolutionNode = FALSE
	EndGlobalSection
EndGlobal
