
Microsoft Visual Studio Solution File, Format Version 10.00
# Visual Studio 2008
Project("{FAE04EC0-301F-11D3-BF4B-00C04F79EFBC}") = "NorthwindDataService", "NorthwindDataService\NorthwindDataService.csproj", "{99457F42-BE52-4AF1-8263-A06409D16795}"
EndProject
Project("{FAE04EC0-301F-11D3-BF4B-00C04F79EFBC}") = "UserInterface", "UserInterface\UserInterface.csproj", "{C8AA069F-3DE4-4ACC-A1DC-9C48AF2124B0}"
EndProject
Global
	GlobalSection(SolutionConfigurationPlatforms) = preSolution
		Debug|Any CPU = Debug|Any CPU
		Release|Any CPU = Release|Any CPU
	EndGlobalSection
	GlobalSection(ProjectConfigurationPlatforms) = postSolution
		{99457F42-BE52-4AF1-8263-A06409D16795}.Debug|Any CPU.ActiveCfg = Debug|Any CPU
		{99457F42-BE52-4AF1-8263-A06409D16795}.Debug|Any CPU.Build.0 = Debug|Any CPU
		{99457F42-BE52-4AF1-8263-A06409D16795}.Release|Any CPU.ActiveCfg = Release|Any CPU
		{99457F42-BE52-4AF1-8263-A06409D16795}.Release|Any CPU.Build.0 = Release|Any CPU
		{C8AA069F-3DE4-4ACC-A1DC-9C48AF2124B0}.Debug|Any CPU.ActiveCfg = Debug|Any CPU
		{C8AA069F-3DE4-4ACC-A1DC-9C48AF2124B0}.Debug|Any CPU.Build.0 = Debug|Any CPU
		{C8AA069F-3DE4-4ACC-A1DC-9C48AF2124B0}.Release|Any CPU.ActiveCfg = Debug|Any CPU
		{C8AA069F-3DE4-4ACC-A1DC-9C48AF2124B0}.Release|Any CPU.Build.0 = Debug|Any CPU
	EndGlobalSection
	GlobalSection(SolutionProperties) = preSolution
		HideSolutionNode = FALSE
	EndGlobalSection
EndGlobal
