
Microsoft Visual Studio Solution File, Format Version 10.00
# Visual Studio 2008
Project("{FAE04EC0-301F-11D3-BF4B-00C04F79EFBC}") = "FwkFtpClient", "FwkFtpClient\FwkFtpClient.csproj", "{5CEA08F1-D19B-4AE3-8332-CEB3B48A72E5}"
EndProject
Global
	GlobalSection(SolutionConfigurationPlatforms) = preSolution
		Debug|Any CPU = Debug|Any CPU
		Release|Any CPU = Release|Any CPU
	EndGlobalSection
	GlobalSection(ProjectConfigurationPlatforms) = postSolution
		{5CEA08F1-D19B-4AE3-8332-CEB3B48A72E5}.Debug|Any CPU.ActiveCfg = Debug|Any CPU
		{5CEA08F1-D19B-4AE3-8332-CEB3B48A72E5}.Debug|Any CPU.Build.0 = Debug|Any CPU
		{5CEA08F1-D19B-4AE3-8332-CEB3B48A72E5}.Release|Any CPU.ActiveCfg = Release|Any CPU
		{5CEA08F1-D19B-4AE3-8332-CEB3B48A72E5}.Release|Any CPU.Build.0 = Release|Any CPU
	EndGlobalSection
	GlobalSection(SolutionProperties) = preSolution
		HideSolutionNode = FALSE
	EndGlobalSection
EndGlobal
